
Microsoft Visual Studio Solution File, Format Version 12.00
# Visual Studio 15
VisualStudioVersion = 15.0.28307.960
MinimumVisualStudioVersion = 10.0.40219.1
Project("{FAE04EC0-301F-11D3-BF4B-00C04F79EFBC}") = "1-DataTypes", "DataTypes\1-DataTypes.csproj", "{F13C98AA-C328-4383-B7ED-B348D4A9B7D2}"
EndProject
Project("{2150E333-8FDC-42A3-9474-1A3956D46DE8}") = "3-Conditions", "3-Conditions", "{2F10EAF8-1A72-4077-8AD0-038C951AFECC}"
EndProject
Project("{FAE04EC0-301F-11D3-BF4B-00C04F79EFBC}") = "3.1-IfElse", "IfElse\3.1-IfElse.csproj", "{025FDA4D-97FD-4719-9F8F-3CC2BD8B01BA}"
EndProject
Project("{FAE04EC0-301F-11D3-BF4B-00C04F79EFBC}") = "2-TypeConversions", "TypeConversions\2-TypeConversions.csproj", "{54EC775D-7C85-4265-A63B-7329F6D13F4B}"
EndProject
Project("{FAE04EC0-301F-11D3-BF4B-00C04F79EFBC}") = "3.2-SwitchCase", "SwitchCase\3.2-SwitchCase.csproj", "{8E8DC33E-3A80-4725-AD69-30CB970320B0}"
EndProject
Project("{2150E333-8FDC-42A3-9474-1A3956D46DE8}") = "4-Arrays-Collections", "4-Arrays-Collections", "{A8B9A9FF-397F-4129-90A6-0F13662689FA}"
EndProject
Project("{FAE04EC0-301F-11D3-BF4B-00C04F79EFBC}") = "4.1-Arrays", "Array\4.1-Arrays.csproj", "{504AAA59-CA8F-4B16-A9D6-9A1B1DA97784}"
EndProject
Project("{FAE04EC0-301F-11D3-BF4B-00C04F79EFBC}") = "4.2-DynamicArrays", "DynamicArrays\4.2-DynamicArrays.csproj", "{270CB1A6-3C09-4DD9-A884-BD85A6BA4331}"
EndProject
Project("{FAE04EC0-301F-11D3-BF4B-00C04F79EFBC}") = "4.3-CollectionList", "CollectionList\4.3-CollectionList.csproj", "{F3FAE8CE-2B6C-4833-B521-7A73451F284F}"
EndProject
Project("{FAE04EC0-301F-11D3-BF4B-00C04F79EFBC}") = "4.4-DictionaryList", "DictionaryList\4.4-DictionaryList.csproj", "{85B7FE6D-42A2-43ED-8B8B-E5B090BA2F38}"
EndProject
Project("{FAE04EC0-301F-11D3-BF4B-00C04F79EFBC}") = "4.5-HashTableList", "HashTableList\4.5-HashTableList.csproj", "{E262DB2C-E268-4BBE-9FA4-8D4BDB1CA543}"
EndProject
Project("{2150E333-8FDC-42A3-9474-1A3956D46DE8}") = "5-Loops", "5-Loops", "{111197DB-D60C-41C0-B731-25D09219B329}"
EndProject
Project("{FAE04EC0-301F-11D3-BF4B-00C04F79EFBC}") = "5.1-ForLoop", "ForLoop\5.1-ForLoop.csproj", "{15BBD18F-3AE3-45E6-B5BD-46AE816A5CB8}"
EndProject
Project("{FAE04EC0-301F-11D3-BF4B-00C04F79EFBC}") = "5.2-WhileLoop", "WhileLoop\5.2-WhileLoop.csproj", "{7567F342-53DE-42BF-8D07-46420B25C966}"
EndProject
Project("{FAE04EC0-301F-11D3-BF4B-00C04F79EFBC}") = "5.3-DoWhileLoop", "DoWhileLoop\5.3-DoWhileLoop.csproj", "{856399DB-A060-420A-ADB7-89AC517E675D}"
EndProject
Project("{FAE04EC0-301F-11D3-BF4B-00C04F79EFBC}") = "5.4-ForeachLoop", "ForeachLoop\5.4-ForeachLoop.csproj", "{480BBB10-5B88-4396-BC19-62DD3982961F}"
EndProject
Project("{FAE04EC0-301F-11D3-BF4B-00C04F79EFBC}") = "5.5-JumpStatements", "JumpStatements\5.5-JumpStatements.csproj", "{38CF8E70-A9FE-4DD0-B1B7-B01A9228C56A}"
EndProject
Project("{2150E333-8FDC-42A3-9474-1A3956D46DE8}") = "6-Methods", "6-Methods", "{E5CF136B-DD6D-4B66-96DE-C5020FBEA4B4}"
EndProject
Project("{FAE04EC0-301F-11D3-BF4B-00C04F79EFBC}") = "6.1-Methods", "Methods\6.1-Methods.csproj", "{A717CD8D-A62E-4DBB-8648-BF7284A9AE2B}"
EndProject
Project("{FAE04EC0-301F-11D3-BF4B-00C04F79EFBC}") = "6.2-Overload", "Overload\6.2-Overload.csproj", "{AB9EF2D5-A536-4363-AD69-CE6F4C2797E4}"
EndProject
Project("{FAE04EC0-301F-11D3-BF4B-00C04F79EFBC}") = "6.3-MethodParameters", "MethodParameters\6.3-MethodParameters.csproj", "{6F6C2402-956D-430A-A6F1-A5A4F53BA1EA}"
EndProject
Project("{2150E333-8FDC-42A3-9474-1A3956D46DE8}") = "7-Class-Interfaces-Struct", "7-Class-Interfaces-Struct", "{3DA6A96E-5DDA-4304-BC0C-C76BEFEAAB33}"
EndProject
Project("{FAE04EC0-301F-11D3-BF4B-00C04F79EFBC}") = "7.1-Classes", "Classes\7.1-Classes.csproj", "{25A049A0-47B2-499B-A9C6-333135AA01C2}"
EndProject
Project("{FAE04EC0-301F-11D3-BF4B-00C04F79EFBC}") = "7.2-Interfaces", "Interfaces\7.2-Interfaces.csproj", "{06880FED-531F-4D27-901E-6DF381BC9FF6}"
EndProject
Project("{FAE04EC0-301F-11D3-BF4B-00C04F79EFBC}") = "7.3-Inheritance", "Inheritance\7.3-Inheritance.csproj", "{799C55F8-AADB-4F39-87DB-ADDD680A4403}"
EndProject
Project("{FAE04EC0-301F-11D3-BF4B-00C04F79EFBC}") = "7.4-Polymorphism", "Polymorphism\7.4-Polymorphism.csproj", "{1E6F4A6F-98AD-4984-A894-8268A168BE09}"
EndProject
Project("{FAE04EC0-301F-11D3-BF4B-00C04F79EFBC}") = "7.5-AbstractClasses", "AbstractClasses\7.5-AbstractClasses.csproj", "{EC238F61-B4F5-4A94-A105-52A485AD8958}"
EndProject
Project("{FAE04EC0-301F-11D3-BF4B-00C04F79EFBC}") = "7.6-ConstructerFinalizerDispose", "ConstructerFinalizerDispose\7.6-ConstructerFinalizerDispose.csproj", "{38925559-260C-4C1C-9CD9-9CD826E40A68}"
EndProject
Project("{FAE04EC0-301F-11D3-BF4B-00C04F79EFBC}") = "7.7-AccessKeywords", "AccessKeywords\7.7-AccessKeywords.csproj", "{AA82D115-54EF-4B45-9441-37780812F645}"
EndProject
Project("{2150E333-8FDC-42A3-9474-1A3956D46DE8}") = "8-Keywords", "8-Keywords", "{F8375882-7CCC-4041-95EB-70C0D97BA7E1}"
EndProject
Project("{FAE04EC0-301F-11D3-BF4B-00C04F79EFBC}") = "8.1-AccessModifier", "AccessModifier\8.1-AccessModifier.csproj", "{BE32F6A6-7F2A-4415-B00B-D9671D03E854}"
EndProject
Project("{FAE04EC0-301F-11D3-BF4B-00C04F79EFBC}") = "8.2-Statics", "Statics\8.2-Statics.csproj", "{516872DB-85BE-4CE0-B6E4-B944B161D4B0}"
EndProject
Project("{FAE04EC0-301F-11D3-BF4B-00C04F79EFBC}") = "8.3-Extensions", "Extensions\8.3-Extensions.csproj", "{98A2CBFA-5E79-4BB6-BDB3-D78CFF9A7C11}"
EndProject
Project("{FAE04EC0-301F-11D3-BF4B-00C04F79EFBC}") = "7.8-Structs", "Structs\7.8-Structs.csproj", "{DB47A854-47F8-4D9E-BE25-F5611C860CF0}"
EndProject
Project("{FAE04EC0-301F-11D3-BF4B-00C04F79EFBC}") = "7.9-ValueVsReferenceType", "ValueVsReferenceType\7.9-ValueVsReferenceType.csproj", "{86DAB484-431E-42DB-BD81-AA43114815DE}"
EndProject
Project("{2150E333-8FDC-42A3-9474-1A3956D46DE8}") = "9-ExceptionHandling", "9-ExceptionHandling", "{F7AD1458-BD05-4384-B83B-FAC28BF7BE82}"
EndProject
Project("{FAE04EC0-301F-11D3-BF4B-00C04F79EFBC}") = "9.1-Exceptions", "Exceptions\9.1-Exceptions.csproj", "{863C3671-C02D-431D-AC57-C8E8150EC315}"
EndProject
Project("{FAE04EC0-301F-11D3-BF4B-00C04F79EFBC}") = "9.2-ThrowException", "ThrowException\9.2-ThrowException.csproj", "{C87DF0CD-4F30-4381-9395-3430AD52966B}"
EndProject
Project("{2150E333-8FDC-42A3-9474-1A3956D46DE8}") = "10-Generics", "10-Generics", "{91DCFAF3-09B9-483B-A8A5-ABD2F79A472B}"
EndProject
Project("{FAE04EC0-301F-11D3-BF4B-00C04F79EFBC}") = "10.1-Generics", "Generics\10.1-Generics.csproj", "{650B7CA2-7855-47A8-AE74-625550DC3B5D}"
EndProject
Project("{FAE04EC0-301F-11D3-BF4B-00C04F79EFBC}") = "10.2-GenericMethod", "GenericMethod\10.2-GenericMethod.csproj", "{61209EC8-2998-48AB-A262-9202596D0958}"
EndProject
Project("{2150E333-8FDC-42A3-9474-1A3956D46DE8}") = "11-Attribute-Reflection", "11-Attribute-Reflection", "{BC7E868A-1912-479E-9D9A-7BBD8A919C3B}"
EndProject
Project("{FAE04EC0-301F-11D3-BF4B-00C04F79EFBC}") = "11.1-Attributes", "Attributes\11.1-Attributes.csproj", "{DF1B7B3A-DFC1-4ADA-A3D0-9B983CAD31A2}"
EndProject
Project("{FAE04EC0-301F-11D3-BF4B-00C04F79EFBC}") = "11.2-Reflections", "Reflections\11.2-Reflections.csproj", "{0241E8F1-BD87-4293-8B97-B5CA496F2EE0}"
EndProject
Project("{2150E333-8FDC-42A3-9474-1A3956D46DE8}") = "12-Delegate-Event", "12-Delegate-Event", "{9D78F25D-8166-4556-AD45-336F2F3727DA}"
EndProject
Project("{FAE04EC0-301F-11D3-BF4B-00C04F79EFBC}") = "12.1-Delegates", "Delegates\12.1-Delegates.csproj", "{4E327F18-BC1E-4C3C-936F-4765DF500FFC}"
EndProject
Project("{FAE04EC0-301F-11D3-BF4B-00C04F79EFBC}") = "12.2-ActFunc", "ActFunc\12.2-ActFunc.csproj", "{49F580BC-32A5-4162-A56C-FA9DD7FECD00}"
EndProject
Project("{FAE04EC0-301F-11D3-BF4B-00C04F79EFBC}") = "12.3-Events", "Events\12.3-Events.csproj", "{1D893DD4-D53E-4E4E-9A56-1BA8145D6541}"
EndProject
Project("{FAE04EC0-301F-11D3-BF4B-00C04F79EFBC}") = "12.4-EventHandlerEventArgs", "EventHandlerEventArgs\12.4-EventHandlerEventArgs.csproj", "{342BCFBF-003E-4E35-AED0-40145A097B3D}"
EndProject
Project("{FAE04EC0-301F-11D3-BF4B-00C04F79EFBC}") = "8.4-Sealed", "Sealed\8.4-Sealed.csproj", "{04C668AF-7FF2-42A1-A641-F4EB09E8B0AA}"
EndProject
Project("{FAE04EC0-301F-11D3-BF4B-00C04F79EFBC}") = "8.5-Constant", "Constant\8.5-Constant.csproj", "{3E0F0375-6739-4995-9F2A-D6C1EC391DDD}"
EndProject
Project("{FAE04EC0-301F-11D3-BF4B-00C04F79EFBC}") = "8.6-Readonly", "Readonly\8.6-Readonly.csproj", "{558EFDB6-9E02-4AF6-AF2C-4B329B49EA43}"
EndProject
Project("{FAE04EC0-301F-11D3-BF4B-00C04F79EFBC}") = "8.7-Yield", "Yield\8.7-Yield.csproj", "{C3972833-8F49-413E-9DB2-11E0DEFFE225}"
EndProject
Project("{FAE04EC0-301F-11D3-BF4B-00C04F79EFBC}") = "8.8-Partial", "Partial\8.8-Partial.csproj", "{0C95C5D5-AF75-4A90-B6EF-E12C1C32A123}"
EndProject
Project("{2150E333-8FDC-42A3-9474-1A3956D46DE8}") = "13-Linq", "13-Linq", "{4036C8C1-EF73-483B-A65E-CA32E7E93C8B}"
EndProject
Project("{2150E333-8FDC-42A3-9474-1A3956D46DE8}") = "14-AdoNet", "14-AdoNet", "{32C7B388-3086-4C3F-B12B-891D91EFCC88}"
EndProject
Project("{2150E333-8FDC-42A3-9474-1A3956D46DE8}") = "15-Concurrency", "15-Concurrency", "{FC180F5E-4836-434A-84EA-DB21C3F65E06}"
EndProject
Project("{FAE04EC0-301F-11D3-BF4B-00C04F79EFBC}") = "13.1-Filtering", "Filtering\13.1-Filtering.csproj", "{92B019FA-2914-404E-BC61-EACF175EC4FE}"
EndProject
Project("{FAE04EC0-301F-11D3-BF4B-00C04F79EFBC}") = "Entity", "Entity\Entity.csproj", "{14FEF1BE-AB46-4FF1-99CF-D7561F7FC9AE}"
EndProject
Project("{FAE04EC0-301F-11D3-BF4B-00C04F79EFBC}") = "13.2-Sorting", "Sorting\13.2-Sorting.csproj", "{6D196CCE-D6E1-40B1-856A-E37A1736B81B}"
EndProject
Project("{FAE04EC0-301F-11D3-BF4B-00C04F79EFBC}") = "13.3-Grouping", "Grouping\13.3-Grouping.csproj", "{AB85BC62-6E53-46E0-A267-079910A2318E}"
EndProject
Project("{FAE04EC0-301F-11D3-BF4B-00C04F79EFBC}") = "13.4-Joins", "Joins\13.4-Joins.csproj", "{E0F96062-52C6-48B2-A4FE-4BE97879CA89}"
EndProject
Project("{FAE04EC0-301F-11D3-BF4B-00C04F79EFBC}") = "13.5-Projection", "Projection\13.5-Projection.csproj", "{98C0F31E-882B-4293-B8AA-C85237D6B3E8}"
EndProject
Project("{FAE04EC0-301F-11D3-BF4B-00C04F79EFBC}") = "13.6-Aggregation", "Aggregation\13.6-Aggregation.csproj", "{6D97AEFF-4B0C-4288-8919-6C10D2365F87}"
EndProject
Project("{FAE04EC0-301F-11D3-BF4B-00C04F79EFBC}") = "13.7-Quantifiers", "Quantifiers\13.7-Quantifiers.csproj", "{05D032AA-4AE2-4DFD-B297-D6BAE999912F}"
EndProject
Project("{FAE04EC0-301F-11D3-BF4B-00C04F79EFBC}") = "13.8-Elements", "Elements\13.8-Elements.csproj", "{5FF33AAF-F45A-4F7A-B110-8BB5BB04473A}"
EndProject
Project("{FAE04EC0-301F-11D3-BF4B-00C04F79EFBC}") = "13.9-Set", "Set\13.9-Set.csproj", "{1C5D6E01-C595-4EE6-877F-B25F9194EB3E}"
EndProject
Project("{FAE04EC0-301F-11D3-BF4B-00C04F79EFBC}") = "13.10-Partitioning", "Partitioning\13.10-Partitioning.csproj", "{CD8F4210-622C-4333-A1F6-747C1EB1F0BD}"
EndProject
Project("{FAE04EC0-301F-11D3-BF4B-00C04F79EFBC}") = "13.11-Concatenation", "Concatenation\13.11-Concatenation.csproj", "{3860E6D4-7DB6-46BE-94EB-5A64ADEFDAFC}"
EndProject
Project("{FAE04EC0-301F-11D3-BF4B-00C04F79EFBC}") = "13.12-Equality", "Equality\13.12-Equality.csproj", "{DF26E034-23BE-4A43-881D-D3567A969E75}"
EndProject
Project("{FAE04EC0-301F-11D3-BF4B-00C04F79EFBC}") = "13.13-Generation", "Generation\13.13-Generation.csproj", "{8340BF04-D3C1-4E4E-8A7E-3E91963B6C3D}"
EndProject
Project("{FAE04EC0-301F-11D3-BF4B-00C04F79EFBC}") = "13.14-Conversion", "Conversion\13.14-Conversion.csproj", "{79089324-7E79-4597-B2F8-1BA0F79F22AE}"
EndProject
Project("{FAE04EC0-301F-11D3-BF4B-00C04F79EFBC}") = "Connection", "Connection\Connection.csproj", "{2F43F742-BEE1-4C75-A376-477180EE70DF}"
EndProject
Project("{FAE04EC0-301F-11D3-BF4B-00C04F79EFBC}") = "14.1-Command", "Command\14.1-Command.csproj", "{A82FFFFD-286C-4E59-9BB8-7CB351192E48}"
EndProject
Project("{FAE04EC0-301F-11D3-BF4B-00C04F79EFBC}") = "14.2-Parameters", "Parameters\14.2-Parameters.csproj", "{548E933B-E16A-46F1-83B4-8E713A08AFBB}"
EndProject
Project("{FAE04EC0-301F-11D3-BF4B-00C04F79EFBC}") = "14.3-DataReader", "DataReader\14.3-DataReader.csproj", "{B8F1DB66-2D68-48A6-AEFE-F7585CD53BD6}"
EndProject
Project("{FAE04EC0-301F-11D3-BF4B-00C04F79EFBC}") = "14.4-DataAdapter", "DataAdapter\14.4-DataAdapter.csproj", "{BBEDD15D-DDB5-464B-8254-5E536C409BB4}"
EndProject
Project("{FAE04EC0-301F-11D3-BF4B-00C04F79EFBC}") = "14.5-Transaction", "Transaction\14.5-Transaction.csproj", "{5D568E6A-6C9E-4EB8-823E-552BBD1D93F2}"
EndProject
Project("{FAE04EC0-301F-11D3-BF4B-00C04F79EFBC}") = "14.6-Dependency", "Dependency\14.6-Dependency.csproj", "{C412CE81-E12F-4DBD-9667-C2A8950EEE32}"
EndProject
Project("{FAE04EC0-301F-11D3-BF4B-00C04F79EFBC}") = "15.1-Threads", "Threads\15.1-Threads.csproj", "{D6234209-3FAE-4225-9B22-D0D01D1BEB15}"
EndProject
Project("{FAE04EC0-301F-11D3-BF4B-00C04F79EFBC}") = "15.2-Tasks", "Tasks\15.2-Tasks.csproj", "{766E1C7C-26E6-478B-8C3B-22402F92B1CC}"
EndProject
Project("{FAE04EC0-301F-11D3-BF4B-00C04F79EFBC}") = "15.3-TaskCancel", "TaskCancel\15.3-TaskCancel.csproj", "{F383D8F9-FA7E-4C4F-96EC-C0A45FEFC30D}"
EndProject
Project("{FAE04EC0-301F-11D3-BF4B-00C04F79EFBC}") = "15.4-AsyncAwait", "AsyncAwait\15.4-AsyncAwait.csproj", "{D5C82E4F-43AC-468A-8129-A84D4C40F6C7}"
EndProject
Project("{FAE04EC0-301F-11D3-BF4B-00C04F79EFBC}") = "15.5-TaskParallelism", "TaskParallelism\15.5-TaskParallelism.csproj", "{702FA127-8427-436B-B34C-8D6A0EDC73A2}"
EndProject
Project("{FAE04EC0-301F-11D3-BF4B-00C04F79EFBC}") = "15.6-ParallelLoop", "ParallelLoop\15.6-ParallelLoop.csproj", "{4E08DA88-1931-47AD-939E-EEC0BCA57B8F}"
EndProject
Project("{FAE04EC0-301F-11D3-BF4B-00C04F79EFBC}") = "15.7-ThreadSafe", "ThreadSafe\15.7-ThreadSafe.csproj", "{50ADF961-CDE8-4063-8E9B-21F4C5A51733}"
EndProject
Project("{FAE04EC0-301F-11D3-BF4B-00C04F79EFBC}") = "15.8-ConcurrentCollections", "ConcurrentCollections\15.8-ConcurrentCollections.csproj", "{84EFD9D7-4003-4C6A-B9CD-A9E3646BA78F}"
EndProject
Global
	GlobalSection(SolutionConfigurationPlatforms) = preSolution
		Debug|Any CPU = Debug|Any CPU
		Release|Any CPU = Release|Any CPU
	EndGlobalSection
	GlobalSection(ProjectConfigurationPlatforms) = postSolution
		{F13C98AA-C328-4383-B7ED-B348D4A9B7D2}.Debug|Any CPU.ActiveCfg = Debug|Any CPU
		{F13C98AA-C328-4383-B7ED-B348D4A9B7D2}.Debug|Any CPU.Build.0 = Debug|Any CPU
		{F13C98AA-C328-4383-B7ED-B348D4A9B7D2}.Release|Any CPU.ActiveCfg = Release|Any CPU
		{F13C98AA-C328-4383-B7ED-B348D4A9B7D2}.Release|Any CPU.Build.0 = Release|Any CPU
		{025FDA4D-97FD-4719-9F8F-3CC2BD8B01BA}.Debug|Any CPU.ActiveCfg = Debug|Any CPU
		{025FDA4D-97FD-4719-9F8F-3CC2BD8B01BA}.Debug|Any CPU.Build.0 = Debug|Any CPU
		{025FDA4D-97FD-4719-9F8F-3CC2BD8B01BA}.Release|Any CPU.ActiveCfg = Release|Any CPU
		{025FDA4D-97FD-4719-9F8F-3CC2BD8B01BA}.Release|Any CPU.Build.0 = Release|Any CPU
		{54EC775D-7C85-4265-A63B-7329F6D13F4B}.Debug|Any CPU.ActiveCfg = Debug|Any CPU
		{54EC775D-7C85-4265-A63B-7329F6D13F4B}.Debug|Any CPU.Build.0 = Debug|Any CPU
		{54EC775D-7C85-4265-A63B-7329F6D13F4B}.Release|Any CPU.ActiveCfg = Release|Any CPU
		{54EC775D-7C85-4265-A63B-7329F6D13F4B}.Release|Any CPU.Build.0 = Release|Any CPU
		{8E8DC33E-3A80-4725-AD69-30CB970320B0}.Debug|Any CPU.ActiveCfg = Debug|Any CPU
		{8E8DC33E-3A80-4725-AD69-30CB970320B0}.Debug|Any CPU.Build.0 = Debug|Any CPU
		{8E8DC33E-3A80-4725-AD69-30CB970320B0}.Release|Any CPU.ActiveCfg = Release|Any CPU
		{8E8DC33E-3A80-4725-AD69-30CB970320B0}.Release|Any CPU.Build.0 = Release|Any CPU
		{504AAA59-CA8F-4B16-A9D6-9A1B1DA97784}.Debug|Any CPU.ActiveCfg = Debug|Any CPU
		{504AAA59-CA8F-4B16-A9D6-9A1B1DA97784}.Debug|Any CPU.Build.0 = Debug|Any CPU
		{504AAA59-CA8F-4B16-A9D6-9A1B1DA97784}.Release|Any CPU.ActiveCfg = Release|Any CPU
		{504AAA59-CA8F-4B16-A9D6-9A1B1DA97784}.Release|Any CPU.Build.0 = Release|Any CPU
		{270CB1A6-3C09-4DD9-A884-BD85A6BA4331}.Debug|Any CPU.ActiveCfg = Debug|Any CPU
		{270CB1A6-3C09-4DD9-A884-BD85A6BA4331}.Debug|Any CPU.Build.0 = Debug|Any CPU
		{270CB1A6-3C09-4DD9-A884-BD85A6BA4331}.Release|Any CPU.ActiveCfg = Release|Any CPU
		{270CB1A6-3C09-4DD9-A884-BD85A6BA4331}.Release|Any CPU.Build.0 = Release|Any CPU
		{F3FAE8CE-2B6C-4833-B521-7A73451F284F}.Debug|Any CPU.ActiveCfg = Debug|Any CPU
		{F3FAE8CE-2B6C-4833-B521-7A73451F284F}.Debug|Any CPU.Build.0 = Debug|Any CPU
		{F3FAE8CE-2B6C-4833-B521-7A73451F284F}.Release|Any CPU.ActiveCfg = Release|Any CPU
		{F3FAE8CE-2B6C-4833-B521-7A73451F284F}.Release|Any CPU.Build.0 = Release|Any CPU
		{85B7FE6D-42A2-43ED-8B8B-E5B090BA2F38}.Debug|Any CPU.ActiveCfg = Debug|Any CPU
		{85B7FE6D-42A2-43ED-8B8B-E5B090BA2F38}.Debug|Any CPU.Build.0 = Debug|Any CPU
		{85B7FE6D-42A2-43ED-8B8B-E5B090BA2F38}.Release|Any CPU.ActiveCfg = Release|Any CPU
		{85B7FE6D-42A2-43ED-8B8B-E5B090BA2F38}.Release|Any CPU.Build.0 = Release|Any CPU
		{E262DB2C-E268-4BBE-9FA4-8D4BDB1CA543}.Debug|Any CPU.ActiveCfg = Debug|Any CPU
		{E262DB2C-E268-4BBE-9FA4-8D4BDB1CA543}.Debug|Any CPU.Build.0 = Debug|Any CPU
		{E262DB2C-E268-4BBE-9FA4-8D4BDB1CA543}.Release|Any CPU.ActiveCfg = Release|Any CPU
		{E262DB2C-E268-4BBE-9FA4-8D4BDB1CA543}.Release|Any CPU.Build.0 = Release|Any CPU
		{15BBD18F-3AE3-45E6-B5BD-46AE816A5CB8}.Debug|Any CPU.ActiveCfg = Debug|Any CPU
		{15BBD18F-3AE3-45E6-B5BD-46AE816A5CB8}.Debug|Any CPU.Build.0 = Debug|Any CPU
		{15BBD18F-3AE3-45E6-B5BD-46AE816A5CB8}.Release|Any CPU.ActiveCfg = Release|Any CPU
		{15BBD18F-3AE3-45E6-B5BD-46AE816A5CB8}.Release|Any CPU.Build.0 = Release|Any CPU
		{7567F342-53DE-42BF-8D07-46420B25C966}.Debug|Any CPU.ActiveCfg = Debug|Any CPU
		{7567F342-53DE-42BF-8D07-46420B25C966}.Debug|Any CPU.Build.0 = Debug|Any CPU
		{7567F342-53DE-42BF-8D07-46420B25C966}.Release|Any CPU.ActiveCfg = Release|Any CPU
		{7567F342-53DE-42BF-8D07-46420B25C966}.Release|Any CPU.Build.0 = Release|Any CPU
		{856399DB-A060-420A-ADB7-89AC517E675D}.Debug|Any CPU.ActiveCfg = Debug|Any CPU
		{856399DB-A060-420A-ADB7-89AC517E675D}.Debug|Any CPU.Build.0 = Debug|Any CPU
		{856399DB-A060-420A-ADB7-89AC517E675D}.Release|Any CPU.ActiveCfg = Release|Any CPU
		{856399DB-A060-420A-ADB7-89AC517E675D}.Release|Any CPU.Build.0 = Release|Any CPU
		{480BBB10-5B88-4396-BC19-62DD3982961F}.Debug|Any CPU.ActiveCfg = Debug|Any CPU
		{480BBB10-5B88-4396-BC19-62DD3982961F}.Debug|Any CPU.Build.0 = Debug|Any CPU
		{480BBB10-5B88-4396-BC19-62DD3982961F}.Release|Any CPU.ActiveCfg = Release|Any CPU
		{480BBB10-5B88-4396-BC19-62DD3982961F}.Release|Any CPU.Build.0 = Release|Any CPU
		{38CF8E70-A9FE-4DD0-B1B7-B01A9228C56A}.Debug|Any CPU.ActiveCfg = Debug|Any CPU
		{38CF8E70-A9FE-4DD0-B1B7-B01A9228C56A}.Debug|Any CPU.Build.0 = Debug|Any CPU
		{38CF8E70-A9FE-4DD0-B1B7-B01A9228C56A}.Release|Any CPU.ActiveCfg = Release|Any CPU
		{38CF8E70-A9FE-4DD0-B1B7-B01A9228C56A}.Release|Any CPU.Build.0 = Release|Any CPU
		{A717CD8D-A62E-4DBB-8648-BF7284A9AE2B}.Debug|Any CPU.ActiveCfg = Debug|Any CPU
		{A717CD8D-A62E-4DBB-8648-BF7284A9AE2B}.Debug|Any CPU.Build.0 = Debug|Any CPU
		{A717CD8D-A62E-4DBB-8648-BF7284A9AE2B}.Release|Any CPU.ActiveCfg = Release|Any CPU
		{A717CD8D-A62E-4DBB-8648-BF7284A9AE2B}.Release|Any CPU.Build.0 = Release|Any CPU
		{AB9EF2D5-A536-4363-AD69-CE6F4C2797E4}.Debug|Any CPU.ActiveCfg = Debug|Any CPU
		{AB9EF2D5-A536-4363-AD69-CE6F4C2797E4}.Debug|Any CPU.Build.0 = Debug|Any CPU
		{AB9EF2D5-A536-4363-AD69-CE6F4C2797E4}.Release|Any CPU.ActiveCfg = Release|Any CPU
		{AB9EF2D5-A536-4363-AD69-CE6F4C2797E4}.Release|Any CPU.Build.0 = Release|Any CPU
		{6F6C2402-956D-430A-A6F1-A5A4F53BA1EA}.Debug|Any CPU.ActiveCfg = Debug|Any CPU
		{6F6C2402-956D-430A-A6F1-A5A4F53BA1EA}.Debug|Any CPU.Build.0 = Debug|Any CPU
		{6F6C2402-956D-430A-A6F1-A5A4F53BA1EA}.Release|Any CPU.ActiveCfg = Release|Any CPU
		{6F6C2402-956D-430A-A6F1-A5A4F53BA1EA}.Release|Any CPU.Build.0 = Release|Any CPU
		{25A049A0-47B2-499B-A9C6-333135AA01C2}.Debug|Any CPU.ActiveCfg = Debug|Any CPU
		{25A049A0-47B2-499B-A9C6-333135AA01C2}.Debug|Any CPU.Build.0 = Debug|Any CPU
		{25A049A0-47B2-499B-A9C6-333135AA01C2}.Release|Any CPU.ActiveCfg = Release|Any CPU
		{25A049A0-47B2-499B-A9C6-333135AA01C2}.Release|Any CPU.Build.0 = Release|Any CPU
		{06880FED-531F-4D27-901E-6DF381BC9FF6}.Debug|Any CPU.ActiveCfg = Debug|Any CPU
		{06880FED-531F-4D27-901E-6DF381BC9FF6}.Debug|Any CPU.Build.0 = Debug|Any CPU
		{06880FED-531F-4D27-901E-6DF381BC9FF6}.Release|Any CPU.ActiveCfg = Release|Any CPU
		{06880FED-531F-4D27-901E-6DF381BC9FF6}.Release|Any CPU.Build.0 = Release|Any CPU
		{799C55F8-AADB-4F39-87DB-ADDD680A4403}.Debug|Any CPU.ActiveCfg = Debug|Any CPU
		{799C55F8-AADB-4F39-87DB-ADDD680A4403}.Debug|Any CPU.Build.0 = Debug|Any CPU
		{799C55F8-AADB-4F39-87DB-ADDD680A4403}.Release|Any CPU.ActiveCfg = Release|Any CPU
		{799C55F8-AADB-4F39-87DB-ADDD680A4403}.Release|Any CPU.Build.0 = Release|Any CPU
		{1E6F4A6F-98AD-4984-A894-8268A168BE09}.Debug|Any CPU.ActiveCfg = Debug|Any CPU
		{1E6F4A6F-98AD-4984-A894-8268A168BE09}.Debug|Any CPU.Build.0 = Debug|Any CPU
		{1E6F4A6F-98AD-4984-A894-8268A168BE09}.Release|Any CPU.ActiveCfg = Release|Any CPU
		{1E6F4A6F-98AD-4984-A894-8268A168BE09}.Release|Any CPU.Build.0 = Release|Any CPU
		{EC238F61-B4F5-4A94-A105-52A485AD8958}.Debug|Any CPU.ActiveCfg = Debug|Any CPU
		{EC238F61-B4F5-4A94-A105-52A485AD8958}.Debug|Any CPU.Build.0 = Debug|Any CPU
		{EC238F61-B4F5-4A94-A105-52A485AD8958}.Release|Any CPU.ActiveCfg = Release|Any CPU
		{EC238F61-B4F5-4A94-A105-52A485AD8958}.Release|Any CPU.Build.0 = Release|Any CPU
		{38925559-260C-4C1C-9CD9-9CD826E40A68}.Debug|Any CPU.ActiveCfg = Debug|Any CPU
		{38925559-260C-4C1C-9CD9-9CD826E40A68}.Debug|Any CPU.Build.0 = Debug|Any CPU
		{38925559-260C-4C1C-9CD9-9CD826E40A68}.Release|Any CPU.ActiveCfg = Release|Any CPU
		{38925559-260C-4C1C-9CD9-9CD826E40A68}.Release|Any CPU.Build.0 = Release|Any CPU
		{AA82D115-54EF-4B45-9441-37780812F645}.Debug|Any CPU.ActiveCfg = Debug|Any CPU
		{AA82D115-54EF-4B45-9441-37780812F645}.Debug|Any CPU.Build.0 = Debug|Any CPU
		{AA82D115-54EF-4B45-9441-37780812F645}.Release|Any CPU.ActiveCfg = Release|Any CPU
		{AA82D115-54EF-4B45-9441-37780812F645}.Release|Any CPU.Build.0 = Release|Any CPU
		{BE32F6A6-7F2A-4415-B00B-D9671D03E854}.Debug|Any CPU.ActiveCfg = Debug|Any CPU
		{BE32F6A6-7F2A-4415-B00B-D9671D03E854}.Debug|Any CPU.Build.0 = Debug|Any CPU
		{BE32F6A6-7F2A-4415-B00B-D9671D03E854}.Release|Any CPU.ActiveCfg = Release|Any CPU
		{BE32F6A6-7F2A-4415-B00B-D9671D03E854}.Release|Any CPU.Build.0 = Release|Any CPU
		{516872DB-85BE-4CE0-B6E4-B944B161D4B0}.Debug|Any CPU.ActiveCfg = Debug|Any CPU
		{516872DB-85BE-4CE0-B6E4-B944B161D4B0}.Debug|Any CPU.Build.0 = Debug|Any CPU
		{516872DB-85BE-4CE0-B6E4-B944B161D4B0}.Release|Any CPU.ActiveCfg = Release|Any CPU
		{516872DB-85BE-4CE0-B6E4-B944B161D4B0}.Release|Any CPU.Build.0 = Release|Any CPU
		{98A2CBFA-5E79-4BB6-BDB3-D78CFF9A7C11}.Debug|Any CPU.ActiveCfg = Debug|Any CPU
		{98A2CBFA-5E79-4BB6-BDB3-D78CFF9A7C11}.Debug|Any CPU.Build.0 = Debug|Any CPU
		{98A2CBFA-5E79-4BB6-BDB3-D78CFF9A7C11}.Release|Any CPU.ActiveCfg = Release|Any CPU
		{98A2CBFA-5E79-4BB6-BDB3-D78CFF9A7C11}.Release|Any CPU.Build.0 = Release|Any CPU
		{DB47A854-47F8-4D9E-BE25-F5611C860CF0}.Debug|Any CPU.ActiveCfg = Debug|Any CPU
		{DB47A854-47F8-4D9E-BE25-F5611C860CF0}.Debug|Any CPU.Build.0 = Debug|Any CPU
		{DB47A854-47F8-4D9E-BE25-F5611C860CF0}.Release|Any CPU.ActiveCfg = Release|Any CPU
		{DB47A854-47F8-4D9E-BE25-F5611C860CF0}.Release|Any CPU.Build.0 = Release|Any CPU
		{86DAB484-431E-42DB-BD81-AA43114815DE}.Debug|Any CPU.ActiveCfg = Debug|Any CPU
		{86DAB484-431E-42DB-BD81-AA43114815DE}.Debug|Any CPU.Build.0 = Debug|Any CPU
		{86DAB484-431E-42DB-BD81-AA43114815DE}.Release|Any CPU.ActiveCfg = Release|Any CPU
		{86DAB484-431E-42DB-BD81-AA43114815DE}.Release|Any CPU.Build.0 = Release|Any CPU
		{863C3671-C02D-431D-AC57-C8E8150EC315}.Debug|Any CPU.ActiveCfg = Debug|Any CPU
		{863C3671-C02D-431D-AC57-C8E8150EC315}.Debug|Any CPU.Build.0 = Debug|Any CPU
		{863C3671-C02D-431D-AC57-C8E8150EC315}.Release|Any CPU.ActiveCfg = Release|Any CPU
		{863C3671-C02D-431D-AC57-C8E8150EC315}.Release|Any CPU.Build.0 = Release|Any CPU
		{C87DF0CD-4F30-4381-9395-3430AD52966B}.Debug|Any CPU.ActiveCfg = Debug|Any CPU
		{C87DF0CD-4F30-4381-9395-3430AD52966B}.Debug|Any CPU.Build.0 = Debug|Any CPU
		{C87DF0CD-4F30-4381-9395-3430AD52966B}.Release|Any CPU.ActiveCfg = Release|Any CPU
		{C87DF0CD-4F30-4381-9395-3430AD52966B}.Release|Any CPU.Build.0 = Release|Any CPU
		{650B7CA2-7855-47A8-AE74-625550DC3B5D}.Debug|Any CPU.ActiveCfg = Debug|Any CPU
		{650B7CA2-7855-47A8-AE74-625550DC3B5D}.Debug|Any CPU.Build.0 = Debug|Any CPU
		{650B7CA2-7855-47A8-AE74-625550DC3B5D}.Release|Any CPU.ActiveCfg = Release|Any CPU
		{650B7CA2-7855-47A8-AE74-625550DC3B5D}.Release|Any CPU.Build.0 = Release|Any CPU
		{61209EC8-2998-48AB-A262-9202596D0958}.Debug|Any CPU.ActiveCfg = Debug|Any CPU
		{61209EC8-2998-48AB-A262-9202596D0958}.Debug|Any CPU.Build.0 = Debug|Any CPU
		{61209EC8-2998-48AB-A262-9202596D0958}.Release|Any CPU.ActiveCfg = Release|Any CPU
		{61209EC8-2998-48AB-A262-9202596D0958}.Release|Any CPU.Build.0 = Release|Any CPU
		{DF1B7B3A-DFC1-4ADA-A3D0-9B983CAD31A2}.Debug|Any CPU.ActiveCfg = Debug|Any CPU
		{DF1B7B3A-DFC1-4ADA-A3D0-9B983CAD31A2}.Debug|Any CPU.Build.0 = Debug|Any CPU
		{DF1B7B3A-DFC1-4ADA-A3D0-9B983CAD31A2}.Release|Any CPU.ActiveCfg = Release|Any CPU
		{DF1B7B3A-DFC1-4ADA-A3D0-9B983CAD31A2}.Release|Any CPU.Build.0 = Release|Any CPU
		{0241E8F1-BD87-4293-8B97-B5CA496F2EE0}.Debug|Any CPU.ActiveCfg = Debug|Any CPU
		{0241E8F1-BD87-4293-8B97-B5CA496F2EE0}.Debug|Any CPU.Build.0 = Debug|Any CPU
		{0241E8F1-BD87-4293-8B97-B5CA496F2EE0}.Release|Any CPU.ActiveCfg = Release|Any CPU
		{0241E8F1-BD87-4293-8B97-B5CA496F2EE0}.Release|Any CPU.Build.0 = Release|Any CPU
		{4E327F18-BC1E-4C3C-936F-4765DF500FFC}.Debug|Any CPU.ActiveCfg = Debug|Any CPU
		{4E327F18-BC1E-4C3C-936F-4765DF500FFC}.Debug|Any CPU.Build.0 = Debug|Any CPU
		{4E327F18-BC1E-4C3C-936F-4765DF500FFC}.Release|Any CPU.ActiveCfg = Release|Any CPU
		{4E327F18-BC1E-4C3C-936F-4765DF500FFC}.Release|Any CPU.Build.0 = Release|Any CPU
		{49F580BC-32A5-4162-A56C-FA9DD7FECD00}.Debug|Any CPU.ActiveCfg = Debug|Any CPU
		{49F580BC-32A5-4162-A56C-FA9DD7FECD00}.Debug|Any CPU.Build.0 = Debug|Any CPU
		{49F580BC-32A5-4162-A56C-FA9DD7FECD00}.Release|Any CPU.ActiveCfg = Release|Any CPU
		{49F580BC-32A5-4162-A56C-FA9DD7FECD00}.Release|Any CPU.Build.0 = Release|Any CPU
		{1D893DD4-D53E-4E4E-9A56-1BA8145D6541}.Debug|Any CPU.ActiveCfg = Debug|Any CPU
		{1D893DD4-D53E-4E4E-9A56-1BA8145D6541}.Debug|Any CPU.Build.0 = Debug|Any CPU
		{1D893DD4-D53E-4E4E-9A56-1BA8145D6541}.Release|Any CPU.ActiveCfg = Release|Any CPU
		{1D893DD4-D53E-4E4E-9A56-1BA8145D6541}.Release|Any CPU.Build.0 = Release|Any CPU
		{342BCFBF-003E-4E35-AED0-40145A097B3D}.Debug|Any CPU.ActiveCfg = Debug|Any CPU
		{342BCFBF-003E-4E35-AED0-40145A097B3D}.Debug|Any CPU.Build.0 = Debug|Any CPU
		{342BCFBF-003E-4E35-AED0-40145A097B3D}.Release|Any CPU.ActiveCfg = Release|Any CPU
		{342BCFBF-003E-4E35-AED0-40145A097B3D}.Release|Any CPU.Build.0 = Release|Any CPU
		{04C668AF-7FF2-42A1-A641-F4EB09E8B0AA}.Debug|Any CPU.ActiveCfg = Debug|Any CPU
		{04C668AF-7FF2-42A1-A641-F4EB09E8B0AA}.Debug|Any CPU.Build.0 = Debug|Any CPU
		{04C668AF-7FF2-42A1-A641-F4EB09E8B0AA}.Release|Any CPU.ActiveCfg = Release|Any CPU
		{04C668AF-7FF2-42A1-A641-F4EB09E8B0AA}.Release|Any CPU.Build.0 = Release|Any CPU
		{3E0F0375-6739-4995-9F2A-D6C1EC391DDD}.Debug|Any CPU.ActiveCfg = Debug|Any CPU
		{3E0F0375-6739-4995-9F2A-D6C1EC391DDD}.Debug|Any CPU.Build.0 = Debug|Any CPU
		{3E0F0375-6739-4995-9F2A-D6C1EC391DDD}.Release|Any CPU.ActiveCfg = Release|Any CPU
		{3E0F0375-6739-4995-9F2A-D6C1EC391DDD}.Release|Any CPU.Build.0 = Release|Any CPU
		{558EFDB6-9E02-4AF6-AF2C-4B329B49EA43}.Debug|Any CPU.ActiveCfg = Debug|Any CPU
		{558EFDB6-9E02-4AF6-AF2C-4B329B49EA43}.Debug|Any CPU.Build.0 = Debug|Any CPU
		{558EFDB6-9E02-4AF6-AF2C-4B329B49EA43}.Release|Any CPU.ActiveCfg = Release|Any CPU
		{558EFDB6-9E02-4AF6-AF2C-4B329B49EA43}.Release|Any CPU.Build.0 = Release|Any CPU
		{C3972833-8F49-413E-9DB2-11E0DEFFE225}.Debug|Any CPU.ActiveCfg = Debug|Any CPU
		{C3972833-8F49-413E-9DB2-11E0DEFFE225}.Debug|Any CPU.Build.0 = Debug|Any CPU
		{C3972833-8F49-413E-9DB2-11E0DEFFE225}.Release|Any CPU.ActiveCfg = Release|Any CPU
		{C3972833-8F49-413E-9DB2-11E0DEFFE225}.Release|Any CPU.Build.0 = Release|Any CPU
		{0C95C5D5-AF75-4A90-B6EF-E12C1C32A123}.Debug|Any CPU.ActiveCfg = Debug|Any CPU
		{0C95C5D5-AF75-4A90-B6EF-E12C1C32A123}.Debug|Any CPU.Build.0 = Debug|Any CPU
		{0C95C5D5-AF75-4A90-B6EF-E12C1C32A123}.Release|Any CPU.ActiveCfg = Release|Any CPU
		{0C95C5D5-AF75-4A90-B6EF-E12C1C32A123}.Release|Any CPU.Build.0 = Release|Any CPU
		{92B019FA-2914-404E-BC61-EACF175EC4FE}.Debug|Any CPU.ActiveCfg = Debug|Any CPU
		{92B019FA-2914-404E-BC61-EACF175EC4FE}.Debug|Any CPU.Build.0 = Debug|Any CPU
		{92B019FA-2914-404E-BC61-EACF175EC4FE}.Release|Any CPU.ActiveCfg = Release|Any CPU
		{92B019FA-2914-404E-BC61-EACF175EC4FE}.Release|Any CPU.Build.0 = Release|Any CPU
		{14FEF1BE-AB46-4FF1-99CF-D7561F7FC9AE}.Debug|Any CPU.ActiveCfg = Debug|Any CPU
		{14FEF1BE-AB46-4FF1-99CF-D7561F7FC9AE}.Debug|Any CPU.Build.0 = Debug|Any CPU
		{14FEF1BE-AB46-4FF1-99CF-D7561F7FC9AE}.Release|Any CPU.ActiveCfg = Release|Any CPU
		{14FEF1BE-AB46-4FF1-99CF-D7561F7FC9AE}.Release|Any CPU.Build.0 = Release|Any CPU
		{6D196CCE-D6E1-40B1-856A-E37A1736B81B}.Debug|Any CPU.ActiveCfg = Debug|Any CPU
		{6D196CCE-D6E1-40B1-856A-E37A1736B81B}.Debug|Any CPU.Build.0 = Debug|Any CPU
		{6D196CCE-D6E1-40B1-856A-E37A1736B81B}.Release|Any CPU.ActiveCfg = Release|Any CPU
		{6D196CCE-D6E1-40B1-856A-E37A1736B81B}.Release|Any CPU.Build.0 = Release|Any CPU
		{AB85BC62-6E53-46E0-A267-079910A2318E}.Debug|Any CPU.ActiveCfg = Debug|Any CPU
		{AB85BC62-6E53-46E0-A267-079910A2318E}.Debug|Any CPU.Build.0 = Debug|Any CPU
		{AB85BC62-6E53-46E0-A267-079910A2318E}.Release|Any CPU.ActiveCfg = Release|Any CPU
		{AB85BC62-6E53-46E0-A267-079910A2318E}.Release|Any CPU.Build.0 = Release|Any CPU
		{E0F96062-52C6-48B2-A4FE-4BE97879CA89}.Debug|Any CPU.ActiveCfg = Debug|Any CPU
		{E0F96062-52C6-48B2-A4FE-4BE97879CA89}.Debug|Any CPU.Build.0 = Debug|Any CPU
		{E0F96062-52C6-48B2-A4FE-4BE97879CA89}.Release|Any CPU.ActiveCfg = Release|Any CPU
		{E0F96062-52C6-48B2-A4FE-4BE97879CA89}.Release|Any CPU.Build.0 = Release|Any CPU
		{98C0F31E-882B-4293-B8AA-C85237D6B3E8}.Debug|Any CPU.ActiveCfg = Debug|Any CPU
		{98C0F31E-882B-4293-B8AA-C85237D6B3E8}.Debug|Any CPU.Build.0 = Debug|Any CPU
		{98C0F31E-882B-4293-B8AA-C85237D6B3E8}.Release|Any CPU.ActiveCfg = Release|Any CPU
		{98C0F31E-882B-4293-B8AA-C85237D6B3E8}.Release|Any CPU.Build.0 = Release|Any CPU
		{6D97AEFF-4B0C-4288-8919-6C10D2365F87}.Debug|Any CPU.ActiveCfg = Debug|Any CPU
		{6D97AEFF-4B0C-4288-8919-6C10D2365F87}.Debug|Any CPU.Build.0 = Debug|Any CPU
		{6D97AEFF-4B0C-4288-8919-6C10D2365F87}.Release|Any CPU.ActiveCfg = Release|Any CPU
		{6D97AEFF-4B0C-4288-8919-6C10D2365F87}.Release|Any CPU.Build.0 = Release|Any CPU
		{05D032AA-4AE2-4DFD-B297-D6BAE999912F}.Debug|Any CPU.ActiveCfg = Debug|Any CPU
		{05D032AA-4AE2-4DFD-B297-D6BAE999912F}.Debug|Any CPU.Build.0 = Debug|Any CPU
		{05D032AA-4AE2-4DFD-B297-D6BAE999912F}.Release|Any CPU.ActiveCfg = Release|Any CPU
		{05D032AA-4AE2-4DFD-B297-D6BAE999912F}.Release|Any CPU.Build.0 = Release|Any CPU
		{5FF33AAF-F45A-4F7A-B110-8BB5BB04473A}.Debug|Any CPU.ActiveCfg = Debug|Any CPU
		{5FF33AAF-F45A-4F7A-B110-8BB5BB04473A}.Debug|Any CPU.Build.0 = Debug|Any CPU
		{5FF33AAF-F45A-4F7A-B110-8BB5BB04473A}.Release|Any CPU.ActiveCfg = Release|Any CPU
		{5FF33AAF-F45A-4F7A-B110-8BB5BB04473A}.Release|Any CPU.Build.0 = Release|Any CPU
		{1C5D6E01-C595-4EE6-877F-B25F9194EB3E}.Debug|Any CPU.ActiveCfg = Debug|Any CPU
		{1C5D6E01-C595-4EE6-877F-B25F9194EB3E}.Debug|Any CPU.Build.0 = Debug|Any CPU
		{1C5D6E01-C595-4EE6-877F-B25F9194EB3E}.Release|Any CPU.ActiveCfg = Release|Any CPU
		{1C5D6E01-C595-4EE6-877F-B25F9194EB3E}.Release|Any CPU.Build.0 = Release|Any CPU
		{CD8F4210-622C-4333-A1F6-747C1EB1F0BD}.Debug|Any CPU.ActiveCfg = Debug|Any CPU
		{CD8F4210-622C-4333-A1F6-747C1EB1F0BD}.Debug|Any CPU.Build.0 = Debug|Any CPU
		{CD8F4210-622C-4333-A1F6-747C1EB1F0BD}.Release|Any CPU.ActiveCfg = Release|Any CPU
		{CD8F4210-622C-4333-A1F6-747C1EB1F0BD}.Release|Any CPU.Build.0 = Release|Any CPU
		{3860E6D4-7DB6-46BE-94EB-5A64ADEFDAFC}.Debug|Any CPU.ActiveCfg = Debug|Any CPU
		{3860E6D4-7DB6-46BE-94EB-5A64ADEFDAFC}.Debug|Any CPU.Build.0 = Debug|Any CPU
		{3860E6D4-7DB6-46BE-94EB-5A64ADEFDAFC}.Release|Any CPU.ActiveCfg = Release|Any CPU
		{3860E6D4-7DB6-46BE-94EB-5A64ADEFDAFC}.Release|Any CPU.Build.0 = Release|Any CPU
		{DF26E034-23BE-4A43-881D-D3567A969E75}.Debug|Any CPU.ActiveCfg = Debug|Any CPU
		{DF26E034-23BE-4A43-881D-D3567A969E75}.Debug|Any CPU.Build.0 = Debug|Any CPU
		{DF26E034-23BE-4A43-881D-D3567A969E75}.Release|Any CPU.ActiveCfg = Release|Any CPU
		{DF26E034-23BE-4A43-881D-D3567A969E75}.Release|Any CPU.Build.0 = Release|Any CPU
		{8340BF04-D3C1-4E4E-8A7E-3E91963B6C3D}.Debug|Any CPU.ActiveCfg = Debug|Any CPU
		{8340BF04-D3C1-4E4E-8A7E-3E91963B6C3D}.Debug|Any CPU.Build.0 = Debug|Any CPU
		{8340BF04-D3C1-4E4E-8A7E-3E91963B6C3D}.Release|Any CPU.ActiveCfg = Release|Any CPU
		{8340BF04-D3C1-4E4E-8A7E-3E91963B6C3D}.Release|Any CPU.Build.0 = Release|Any CPU
		{79089324-7E79-4597-B2F8-1BA0F79F22AE}.Debug|Any CPU.ActiveCfg = Debug|Any CPU
		{79089324-7E79-4597-B2F8-1BA0F79F22AE}.Debug|Any CPU.Build.0 = Debug|Any CPU
		{79089324-7E79-4597-B2F8-1BA0F79F22AE}.Release|Any CPU.ActiveCfg = Release|Any CPU
		{79089324-7E79-4597-B2F8-1BA0F79F22AE}.Release|Any CPU.Build.0 = Release|Any CPU
		{2F43F742-BEE1-4C75-A376-477180EE70DF}.Debug|Any CPU.ActiveCfg = Debug|Any CPU
		{2F43F742-BEE1-4C75-A376-477180EE70DF}.Debug|Any CPU.Build.0 = Debug|Any CPU
		{2F43F742-BEE1-4C75-A376-477180EE70DF}.Release|Any CPU.ActiveCfg = Release|Any CPU
		{2F43F742-BEE1-4C75-A376-477180EE70DF}.Release|Any CPU.Build.0 = Release|Any CPU
		{A82FFFFD-286C-4E59-9BB8-7CB351192E48}.Debug|Any CPU.ActiveCfg = Debug|Any CPU
		{A82FFFFD-286C-4E59-9BB8-7CB351192E48}.Debug|Any CPU.Build.0 = Debug|Any CPU
		{A82FFFFD-286C-4E59-9BB8-7CB351192E48}.Release|Any CPU.ActiveCfg = Release|Any CPU
		{A82FFFFD-286C-4E59-9BB8-7CB351192E48}.Release|Any CPU.Build.0 = Release|Any CPU
		{548E933B-E16A-46F1-83B4-8E713A08AFBB}.Debug|Any CPU.ActiveCfg = Debug|Any CPU
		{548E933B-E16A-46F1-83B4-8E713A08AFBB}.Debug|Any CPU.Build.0 = Debug|Any CPU
		{548E933B-E16A-46F1-83B4-8E713A08AFBB}.Release|Any CPU.ActiveCfg = Release|Any CPU
		{548E933B-E16A-46F1-83B4-8E713A08AFBB}.Release|Any CPU.Build.0 = Release|Any CPU
		{B8F1DB66-2D68-48A6-AEFE-F7585CD53BD6}.Debug|Any CPU.ActiveCfg = Debug|Any CPU
		{B8F1DB66-2D68-48A6-AEFE-F7585CD53BD6}.Debug|Any CPU.Build.0 = Debug|Any CPU
		{B8F1DB66-2D68-48A6-AEFE-F7585CD53BD6}.Release|Any CPU.ActiveCfg = Release|Any CPU
		{B8F1DB66-2D68-48A6-AEFE-F7585CD53BD6}.Release|Any CPU.Build.0 = Release|Any CPU
		{BBEDD15D-DDB5-464B-8254-5E536C409BB4}.Debug|Any CPU.ActiveCfg = Debug|Any CPU
		{BBEDD15D-DDB5-464B-8254-5E536C409BB4}.Debug|Any CPU.Build.0 = Debug|Any CPU
		{BBEDD15D-DDB5-464B-8254-5E536C409BB4}.Release|Any CPU.ActiveCfg = Release|Any CPU
		{BBEDD15D-DDB5-464B-8254-5E536C409BB4}.Release|Any CPU.Build.0 = Release|Any CPU
		{5D568E6A-6C9E-4EB8-823E-552BBD1D93F2}.Debug|Any CPU.ActiveCfg = Debug|Any CPU
		{5D568E6A-6C9E-4EB8-823E-552BBD1D93F2}.Debug|Any CPU.Build.0 = Debug|Any CPU
		{5D568E6A-6C9E-4EB8-823E-552BBD1D93F2}.Release|Any CPU.ActiveCfg = Release|Any CPU
		{5D568E6A-6C9E-4EB8-823E-552BBD1D93F2}.Release|Any CPU.Build.0 = Release|Any CPU
		{C412CE81-E12F-4DBD-9667-C2A8950EEE32}.Debug|Any CPU.ActiveCfg = Debug|Any CPU
		{C412CE81-E12F-4DBD-9667-C2A8950EEE32}.Debug|Any CPU.Build.0 = Debug|Any CPU
		{C412CE81-E12F-4DBD-9667-C2A8950EEE32}.Release|Any CPU.ActiveCfg = Release|Any CPU
		{C412CE81-E12F-4DBD-9667-C2A8950EEE32}.Release|Any CPU.Build.0 = Release|Any CPU
		{D6234209-3FAE-4225-9B22-D0D01D1BEB15}.Debug|Any CPU.ActiveCfg = Debug|Any CPU
		{D6234209-3FAE-4225-9B22-D0D01D1BEB15}.Debug|Any CPU.Build.0 = Debug|Any CPU
		{D6234209-3FAE-4225-9B22-D0D01D1BEB15}.Release|Any CPU.ActiveCfg = Release|Any CPU
		{D6234209-3FAE-4225-9B22-D0D01D1BEB15}.Release|Any CPU.Build.0 = Release|Any CPU
		{766E1C7C-26E6-478B-8C3B-22402F92B1CC}.Debug|Any CPU.ActiveCfg = Debug|Any CPU
		{766E1C7C-26E6-478B-8C3B-22402F92B1CC}.Debug|Any CPU.Build.0 = Debug|Any CPU
		{766E1C7C-26E6-478B-8C3B-22402F92B1CC}.Release|Any CPU.ActiveCfg = Release|Any CPU
		{766E1C7C-26E6-478B-8C3B-22402F92B1CC}.Release|Any CPU.Build.0 = Release|Any CPU
		{F383D8F9-FA7E-4C4F-96EC-C0A45FEFC30D}.Debug|Any CPU.ActiveCfg = Debug|Any CPU
		{F383D8F9-FA7E-4C4F-96EC-C0A45FEFC30D}.Debug|Any CPU.Build.0 = Debug|Any CPU
		{F383D8F9-FA7E-4C4F-96EC-C0A45FEFC30D}.Release|Any CPU.ActiveCfg = Release|Any CPU
		{F383D8F9-FA7E-4C4F-96EC-C0A45FEFC30D}.Release|Any CPU.Build.0 = Release|Any CPU
		{D5C82E4F-43AC-468A-8129-A84D4C40F6C7}.Debug|Any CPU.ActiveCfg = Debug|Any CPU
		{D5C82E4F-43AC-468A-8129-A84D4C40F6C7}.Debug|Any CPU.Build.0 = Debug|Any CPU
		{D5C82E4F-43AC-468A-8129-A84D4C40F6C7}.Release|Any CPU.ActiveCfg = Release|Any CPU
		{D5C82E4F-43AC-468A-8129-A84D4C40F6C7}.Release|Any CPU.Build.0 = Release|Any CPU
		{702FA127-8427-436B-B34C-8D6A0EDC73A2}.Debug|Any CPU.ActiveCfg = Debug|Any CPU
		{702FA127-8427-436B-B34C-8D6A0EDC73A2}.Debug|Any CPU.Build.0 = Debug|Any CPU
		{702FA127-8427-436B-B34C-8D6A0EDC73A2}.Release|Any CPU.ActiveCfg = Release|Any CPU
		{702FA127-8427-436B-B34C-8D6A0EDC73A2}.Release|Any CPU.Build.0 = Release|Any CPU
		{4E08DA88-1931-47AD-939E-EEC0BCA57B8F}.Debug|Any CPU.ActiveCfg = Debug|Any CPU
		{4E08DA88-1931-47AD-939E-EEC0BCA57B8F}.Debug|Any CPU.Build.0 = Debug|Any CPU
		{4E08DA88-1931-47AD-939E-EEC0BCA57B8F}.Release|Any CPU.ActiveCfg = Release|Any CPU
		{4E08DA88-1931-47AD-939E-EEC0BCA57B8F}.Release|Any CPU.Build.0 = Release|Any CPU
		{50ADF961-CDE8-4063-8E9B-21F4C5A51733}.Debug|Any CPU.ActiveCfg = Debug|Any CPU
		{50ADF961-CDE8-4063-8E9B-21F4C5A51733}.Debug|Any CPU.Build.0 = Debug|Any CPU
		{50ADF961-CDE8-4063-8E9B-21F4C5A51733}.Release|Any CPU.ActiveCfg = Release|Any CPU
		{50ADF961-CDE8-4063-8E9B-21F4C5A51733}.Release|Any CPU.Build.0 = Release|Any CPU
		{84EFD9D7-4003-4C6A-B9CD-A9E3646BA78F}.Debug|Any CPU.ActiveCfg = Debug|Any CPU
		{84EFD9D7-4003-4C6A-B9CD-A9E3646BA78F}.Debug|Any CPU.Build.0 = Debug|Any CPU
		{84EFD9D7-4003-4C6A-B9CD-A9E3646BA78F}.Release|Any CPU.ActiveCfg = Release|Any CPU
		{84EFD9D7-4003-4C6A-B9CD-A9E3646BA78F}.Release|Any CPU.Build.0 = Release|Any CPU
	EndGlobalSection
	GlobalSection(SolutionProperties) = preSolution
		HideSolutionNode = FALSE
	EndGlobalSection
	GlobalSection(NestedProjects) = preSolution
		{025FDA4D-97FD-4719-9F8F-3CC2BD8B01BA} = {2F10EAF8-1A72-4077-8AD0-038C951AFECC}
		{8E8DC33E-3A80-4725-AD69-30CB970320B0} = {2F10EAF8-1A72-4077-8AD0-038C951AFECC}
		{504AAA59-CA8F-4B16-A9D6-9A1B1DA97784} = {A8B9A9FF-397F-4129-90A6-0F13662689FA}
		{270CB1A6-3C09-4DD9-A884-BD85A6BA4331} = {A8B9A9FF-397F-4129-90A6-0F13662689FA}
		{F3FAE8CE-2B6C-4833-B521-7A73451F284F} = {A8B9A9FF-397F-4129-90A6-0F13662689FA}
		{85B7FE6D-42A2-43ED-8B8B-E5B090BA2F38} = {A8B9A9FF-397F-4129-90A6-0F13662689FA}
		{E262DB2C-E268-4BBE-9FA4-8D4BDB1CA543} = {A8B9A9FF-397F-4129-90A6-0F13662689FA}
		{15BBD18F-3AE3-45E6-B5BD-46AE816A5CB8} = {111197DB-D60C-41C0-B731-25D09219B329}
		{7567F342-53DE-42BF-8D07-46420B25C966} = {111197DB-D60C-41C0-B731-25D09219B329}
		{856399DB-A060-420A-ADB7-89AC517E675D} = {111197DB-D60C-41C0-B731-25D09219B329}
		{480BBB10-5B88-4396-BC19-62DD3982961F} = {111197DB-D60C-41C0-B731-25D09219B329}
		{38CF8E70-A9FE-4DD0-B1B7-B01A9228C56A} = {111197DB-D60C-41C0-B731-25D09219B329}
		{A717CD8D-A62E-4DBB-8648-BF7284A9AE2B} = {E5CF136B-DD6D-4B66-96DE-C5020FBEA4B4}
		{AB9EF2D5-A536-4363-AD69-CE6F4C2797E4} = {E5CF136B-DD6D-4B66-96DE-C5020FBEA4B4}
		{6F6C2402-956D-430A-A6F1-A5A4F53BA1EA} = {E5CF136B-DD6D-4B66-96DE-C5020FBEA4B4}
		{25A049A0-47B2-499B-A9C6-333135AA01C2} = {3DA6A96E-5DDA-4304-BC0C-C76BEFEAAB33}
		{06880FED-531F-4D27-901E-6DF381BC9FF6} = {3DA6A96E-5DDA-4304-BC0C-C76BEFEAAB33}
		{799C55F8-AADB-4F39-87DB-ADDD680A4403} = {3DA6A96E-5DDA-4304-BC0C-C76BEFEAAB33}
		{1E6F4A6F-98AD-4984-A894-8268A168BE09} = {3DA6A96E-5DDA-4304-BC0C-C76BEFEAAB33}
		{EC238F61-B4F5-4A94-A105-52A485AD8958} = {3DA6A96E-5DDA-4304-BC0C-C76BEFEAAB33}
		{38925559-260C-4C1C-9CD9-9CD826E40A68} = {3DA6A96E-5DDA-4304-BC0C-C76BEFEAAB33}
		{AA82D115-54EF-4B45-9441-37780812F645} = {3DA6A96E-5DDA-4304-BC0C-C76BEFEAAB33}
		{BE32F6A6-7F2A-4415-B00B-D9671D03E854} = {F8375882-7CCC-4041-95EB-70C0D97BA7E1}
		{516872DB-85BE-4CE0-B6E4-B944B161D4B0} = {F8375882-7CCC-4041-95EB-70C0D97BA7E1}
		{98A2CBFA-5E79-4BB6-BDB3-D78CFF9A7C11} = {F8375882-7CCC-4041-95EB-70C0D97BA7E1}
		{DB47A854-47F8-4D9E-BE25-F5611C860CF0} = {3DA6A96E-5DDA-4304-BC0C-C76BEFEAAB33}
		{86DAB484-431E-42DB-BD81-AA43114815DE} = {3DA6A96E-5DDA-4304-BC0C-C76BEFEAAB33}
		{863C3671-C02D-431D-AC57-C8E8150EC315} = {F7AD1458-BD05-4384-B83B-FAC28BF7BE82}
		{C87DF0CD-4F30-4381-9395-3430AD52966B} = {F7AD1458-BD05-4384-B83B-FAC28BF7BE82}
		{650B7CA2-7855-47A8-AE74-625550DC3B5D} = {91DCFAF3-09B9-483B-A8A5-ABD2F79A472B}
		{61209EC8-2998-48AB-A262-9202596D0958} = {91DCFAF3-09B9-483B-A8A5-ABD2F79A472B}
		{DF1B7B3A-DFC1-4ADA-A3D0-9B983CAD31A2} = {BC7E868A-1912-479E-9D9A-7BBD8A919C3B}
		{0241E8F1-BD87-4293-8B97-B5CA496F2EE0} = {BC7E868A-1912-479E-9D9A-7BBD8A919C3B}
		{4E327F18-BC1E-4C3C-936F-4765DF500FFC} = {9D78F25D-8166-4556-AD45-336F2F3727DA}
		{49F580BC-32A5-4162-A56C-FA9DD7FECD00} = {9D78F25D-8166-4556-AD45-336F2F3727DA}
		{1D893DD4-D53E-4E4E-9A56-1BA8145D6541} = {9D78F25D-8166-4556-AD45-336F2F3727DA}
		{342BCFBF-003E-4E35-AED0-40145A097B3D} = {9D78F25D-8166-4556-AD45-336F2F3727DA}
		{04C668AF-7FF2-42A1-A641-F4EB09E8B0AA} = {F8375882-7CCC-4041-95EB-70C0D97BA7E1}
		{3E0F0375-6739-4995-9F2A-D6C1EC391DDD} = {F8375882-7CCC-4041-95EB-70C0D97BA7E1}
		{558EFDB6-9E02-4AF6-AF2C-4B329B49EA43} = {F8375882-7CCC-4041-95EB-70C0D97BA7E1}
		{C3972833-8F49-413E-9DB2-11E0DEFFE225} = {F8375882-7CCC-4041-95EB-70C0D97BA7E1}
		{0C95C5D5-AF75-4A90-B6EF-E12C1C32A123} = {F8375882-7CCC-4041-95EB-70C0D97BA7E1}
		{92B019FA-2914-404E-BC61-EACF175EC4FE} = {4036C8C1-EF73-483B-A65E-CA32E7E93C8B}
		{14FEF1BE-AB46-4FF1-99CF-D7561F7FC9AE} = {4036C8C1-EF73-483B-A65E-CA32E7E93C8B}
		{6D196CCE-D6E1-40B1-856A-E37A1736B81B} = {4036C8C1-EF73-483B-A65E-CA32E7E93C8B}
		{AB85BC62-6E53-46E0-A267-079910A2318E} = {4036C8C1-EF73-483B-A65E-CA32E7E93C8B}
		{E0F96062-52C6-48B2-A4FE-4BE97879CA89} = {4036C8C1-EF73-483B-A65E-CA32E7E93C8B}
		{98C0F31E-882B-4293-B8AA-C85237D6B3E8} = {4036C8C1-EF73-483B-A65E-CA32E7E93C8B}
		{6D97AEFF-4B0C-4288-8919-6C10D2365F87} = {4036C8C1-EF73-483B-A65E-CA32E7E93C8B}
		{05D032AA-4AE2-4DFD-B297-D6BAE999912F} = {4036C8C1-EF73-483B-A65E-CA32E7E93C8B}
		{5FF33AAF-F45A-4F7A-B110-8BB5BB04473A} = {4036C8C1-EF73-483B-A65E-CA32E7E93C8B}
		{1C5D6E01-C595-4EE6-877F-B25F9194EB3E} = {4036C8C1-EF73-483B-A65E-CA32E7E93C8B}
		{CD8F4210-622C-4333-A1F6-747C1EB1F0BD} = {4036C8C1-EF73-483B-A65E-CA32E7E93C8B}
		{3860E6D4-7DB6-46BE-94EB-5A64ADEFDAFC} = {4036C8C1-EF73-483B-A65E-CA32E7E93C8B}
		{DF26E034-23BE-4A43-881D-D3567A969E75} = {4036C8C1-EF73-483B-A65E-CA32E7E93C8B}
		{8340BF04-D3C1-4E4E-8A7E-3E91963B6C3D} = {4036C8C1-EF73-483B-A65E-CA32E7E93C8B}
		{79089324-7E79-4597-B2F8-1BA0F79F22AE} = {4036C8C1-EF73-483B-A65E-CA32E7E93C8B}
		{2F43F742-BEE1-4C75-A376-477180EE70DF} = {32C7B388-3086-4C3F-B12B-891D91EFCC88}
		{A82FFFFD-286C-4E59-9BB8-7CB351192E48} = {32C7B388-3086-4C3F-B12B-891D91EFCC88}
		{548E933B-E16A-46F1-83B4-8E713A08AFBB} = {32C7B388-3086-4C3F-B12B-891D91EFCC88}
		{B8F1DB66-2D68-48A6-AEFE-F7585CD53BD6} = {32C7B388-3086-4C3F-B12B-891D91EFCC88}
		{BBEDD15D-DDB5-464B-8254-5E536C409BB4} = {32C7B388-3086-4C3F-B12B-891D91EFCC88}
		{5D568E6A-6C9E-4EB8-823E-552BBD1D93F2} = {32C7B388-3086-4C3F-B12B-891D91EFCC88}
		{C412CE81-E12F-4DBD-9667-C2A8950EEE32} = {32C7B388-3086-4C3F-B12B-891D91EFCC88}
		{D6234209-3FAE-4225-9B22-D0D01D1BEB15} = {FC180F5E-4836-434A-84EA-DB21C3F65E06}
		{766E1C7C-26E6-478B-8C3B-22402F92B1CC} = {FC180F5E-4836-434A-84EA-DB21C3F65E06}
		{F383D8F9-FA7E-4C4F-96EC-C0A45FEFC30D} = {FC180F5E-4836-434A-84EA-DB21C3F65E06}
		{D5C82E4F-43AC-468A-8129-A84D4C40F6C7} = {FC180F5E-4836-434A-84EA-DB21C3F65E06}
		{702FA127-8427-436B-B34C-8D6A0EDC73A2} = {FC180F5E-4836-434A-84EA-DB21C3F65E06}
		{4E08DA88-1931-47AD-939E-EEC0BCA57B8F} = {FC180F5E-4836-434A-84EA-DB21C3F65E06}
		{50ADF961-CDE8-4063-8E9B-21F4C5A51733} = {FC180F5E-4836-434A-84EA-DB21C3F65E06}
		{84EFD9D7-4003-4C6A-B9CD-A9E3646BA78F} = {FC180F5E-4836-434A-84EA-DB21C3F65E06}
	EndGlobalSection
	GlobalSection(ExtensibilityGlobals) = postSolution
		SolutionGuid = {D7ACB3A7-E30C-4481-88E6-42D6E969E742}
	EndGlobalSection
EndGlobal
