
Microsoft Visual Studio Solution File, Format Version 12.00
# Visual Studio 15
VisualStudioVersion = 15.0.28307.960
MinimumVisualStudioVersion = 10.0.40219.1
Project("{FAE04EC0-301F-11D3-BF4B-00C04F79EFBC}") = "1-DataTypes", "DataTypes\1-DataTypes.csproj", "{F13C98AA-C328-4383-B7ED-B348D4A9B7D2}"
EndProject
Project("{2150E333-8FDC-42A3-9474-1A3956D46DE8}") = "3-Conditions", "3-Conditions", "{2F10EAF8-1A72-4077-8AD0-038C951AFECC}"
EndProject
Project("{FAE04EC0-301F-11D3-BF4B-00C04F79EFBC}") = "3.1-IfElse", "IfElse\3.1-IfElse.csproj", "{025FDA4D-97FD-4719-9F8F-3CC2BD8B01BA}"
EndProject
Project("{FAE04EC0-301F-11D3-BF4B-00C04F79EFBC}") = "2-TypeConversions", "TypeConversions\2-TypeConversions.csproj", "{54EC775D-7C85-4265-A63B-7329F6D13F4B}"
EndProject
Project("{FAE04EC0-301F-11D3-BF4B-00C04F79EFBC}") = "3.2-SwitchCase", "SwitchCase\3.2-SwitchCase.csproj", "{8E8DC33E-3A80-4725-AD69-30CB970320B0}"
EndProject
Project("{2150E333-8FDC-42A3-9474-1A3956D46DE8}") = "4-Arrays-Collections", "4-Arrays-Collections", "{A8B9A9FF-397F-4129-90A6-0F13662689FA}"
EndProject
Project("{FAE04EC0-301F-11D3-BF4B-00C04F79EFBC}") = "4.1-Arrays", "Array\4.1-Arrays.csproj", "{504AAA59-CA8F-4B16-A9D6-9A1B1DA97784}"
EndProject
Project("{FAE04EC0-301F-11D3-BF4B-00C04F79EFBC}") = "4.2-DynamicArrays", "DynamicArrays\4.2-DynamicArrays.csproj", "{270CB1A6-3C09-4DD9-A884-BD85A6BA4331}"
EndProject
Project("{FAE04EC0-301F-11D3-BF4B-00C04F79EFBC}") = "4.3-CollectionList", "CollectionList\4.3-CollectionList.csproj", "{F3FAE8CE-2B6C-4833-B521-7A73451F284F}"
EndProject
Project("{FAE04EC0-301F-11D3-BF4B-00C04F79EFBC}") = "4.4-DictionaryList", "DictionaryList\4.4-DictionaryList.csproj", "{85B7FE6D-42A2-43ED-8B8B-E5B090BA2F38}"
EndProject
Project("{FAE04EC0-301F-11D3-BF4B-00C04F79EFBC}") = "4.5-HashTableList", "HashTableList\4.5-HashTableList.csproj", "{E262DB2C-E268-4BBE-9FA4-8D4BDB1CA543}"
EndProject
Project("{2150E333-8FDC-42A3-9474-1A3956D46DE8}") = "5-Loops", "5-Loops", "{111197DB-D60C-41C0-B731-25D09219B329}"
EndProject
Project("{FAE04EC0-301F-11D3-BF4B-00C04F79EFBC}") = "5.1-ForLoop", "ForLoop\5.1-ForLoop.csproj", "{15BBD18F-3AE3-45E6-B5BD-46AE816A5CB8}"
EndProject
Project("{FAE04EC0-301F-11D3-BF4B-00C04F79EFBC}") = "5.2-WhileLoop", "WhileLoop\5.2-WhileLoop.csproj", "{7567F342-53DE-42BF-8D07-46420B25C966}"
EndProject
Project("{FAE04EC0-301F-11D3-BF4B-00C04F79EFBC}") = "5.3-DoWhileLoop", "DoWhileLoop\5.3-DoWhileLoop.csproj", "{856399DB-A060-420A-ADB7-89AC517E675D}"
EndProject
Project("{FAE04EC0-301F-11D3-BF4B-00C04F79EFBC}") = "5.4-ForeachLoop", "ForeachLoop\5.4-ForeachLoop.csproj", "{480BBB10-5B88-4396-BC19-62DD3982961F}"
EndProject
Project("{FAE04EC0-301F-11D3-BF4B-00C04F79EFBC}") = "5.5-JumpStatements", "JumpStatements\5.5-JumpStatements.csproj", "{38CF8E70-A9FE-4DD0-B1B7-B01A9228C56A}"
EndProject
Project("{2150E333-8FDC-42A3-9474-1A3956D46DE8}") = "6-Methods", "6-Methods", "{E5CF136B-DD6D-4B66-96DE-C5020FBEA4B4}"
EndProject
Project("{FAE04EC0-301F-11D3-BF4B-00C04F79EFBC}") = "6.1-Methods", "Methods\6.1-Methods.csproj", "{A717CD8D-A62E-4DBB-8648-BF7284A9AE2B}"
EndProject
Project("{FAE04EC0-301F-11D3-BF4B-00C04F79EFBC}") = "6.2-Overload", "Overload\6.2-Overload.csproj", "{AB9EF2D5-A536-4363-AD69-CE6F4C2797E4}"
EndProject
Project("{FAE04EC0-301F-11D3-BF4B-00C04F79EFBC}") = "6.3-MethodParameters", "MethodParameters\6.3-MethodParameters.csproj", "{6F6C2402-956D-430A-A6F1-A5A4F53BA1EA}"
EndProject
Project("{2150E333-8FDC-42A3-9474-1A3956D46DE8}") = "7-Class-Interfaces-Struct", "7-Class-Interfaces-Struct", "{3DA6A96E-5DDA-4304-BC0C-C76BEFEAAB33}"
EndProject
Project("{FAE04EC0-301F-11D3-BF4B-00C04F79EFBC}") = "7.1-Classes", "Classes\7.1-Classes.csproj", "{25A049A0-47B2-499B-A9C6-333135AA01C2}"
EndProject
Project("{FAE04EC0-301F-11D3-BF4B-00C04F79EFBC}") = "7.2-Interfaces", "Interfaces\7.2-Interfaces.csproj", "{06880FED-531F-4D27-901E-6DF381BC9FF6}"
EndProject
Project("{FAE04EC0-301F-11D3-BF4B-00C04F79EFBC}") = "7.3-Inheritance", "Inheritance\7.3-Inheritance.csproj", "{799C55F8-AADB-4F39-87DB-ADDD680A4403}"
EndProject
Project("{FAE04EC0-301F-11D3-BF4B-00C04F79EFBC}") = "7.4-Polymorphism", "Polymorphism\7.4-Polymorphism.csproj", "{1E6F4A6F-98AD-4984-A894-8268A168BE09}"
EndProject
Project("{FAE04EC0-301F-11D3-BF4B-00C04F79EFBC}") = "7.5-AbstractClasses", "AbstractClasses\7.5-AbstractClasses.csproj", "{EC238F61-B4F5-4A94-A105-52A485AD8958}"
EndProject
Project("{FAE04EC0-301F-11D3-BF4B-00C04F79EFBC}") = "7.6-ConstructerFinalizerDispose", "ConstructerFinalizerDispose\7.6-ConstructerFinalizerDispose.csproj", "{38925559-260C-4C1C-9CD9-9CD826E40A68}"
EndProject
Project("{FAE04EC0-301F-11D3-BF4B-00C04F79EFBC}") = "7.7-AccessKeywords", "AccessKeywords\7.7-AccessKeywords.csproj", "{AA82D115-54EF-4B45-9441-37780812F645}"
EndProject
Project("{2150E333-8FDC-42A3-9474-1A3956D46DE8}") = "8-AccessModifier-Static", "8-AccessModifier-Static", "{F8375882-7CCC-4041-95EB-70C0D97BA7E1}"
EndProject
Project("{FAE04EC0-301F-11D3-BF4B-00C04F79EFBC}") = "8.1-AccessModifier", "AccessModifier\8.1-AccessModifier.csproj", "{BE32F6A6-7F2A-4415-B00B-D9671D03E854}"
EndProject
Project("{FAE04EC0-301F-11D3-BF4B-00C04F79EFBC}") = "8.2-Statics", "Statics\8.2-Statics.csproj", "{516872DB-85BE-4CE0-B6E4-B944B161D4B0}"
EndProject
Project("{FAE04EC0-301F-11D3-BF4B-00C04F79EFBC}") = "8.3-Extensions", "Extensions\8.3-Extensions.csproj", "{98A2CBFA-5E79-4BB6-BDB3-D78CFF9A7C11}"
EndProject
Project("{FAE04EC0-301F-11D3-BF4B-00C04F79EFBC}") = "7.8-Structs", "Structs\7.8-Structs.csproj", "{DB47A854-47F8-4D9E-BE25-F5611C860CF0}"
EndProject
Project("{FAE04EC0-301F-11D3-BF4B-00C04F79EFBC}") = "7.9-ValueVsReferenceType", "ValueVsReferenceType\7.9-ValueVsReferenceType.csproj", "{86DAB484-431E-42DB-BD81-AA43114815DE}"
EndProject
Project("{2150E333-8FDC-42A3-9474-1A3956D46DE8}") = "9-ExceptionHandling", "9-ExceptionHandling", "{F7AD1458-BD05-4384-B83B-FAC28BF7BE82}"
EndProject
Project("{FAE04EC0-301F-11D3-BF4B-00C04F79EFBC}") = "9.1-Exceptions", "Exceptions\9.1-Exceptions.csproj", "{863C3671-C02D-431D-AC57-C8E8150EC315}"
EndProject
Project("{FAE04EC0-301F-11D3-BF4B-00C04F79EFBC}") = "9.2-ThrowException", "ThrowException\9.2-ThrowException.csproj", "{C87DF0CD-4F30-4381-9395-3430AD52966B}"
EndProject
Project("{2150E333-8FDC-42A3-9474-1A3956D46DE8}") = "10-Generics", "10-Generics", "{91DCFAF3-09B9-483B-A8A5-ABD2F79A472B}"
EndProject
Project("{FAE04EC0-301F-11D3-BF4B-00C04F79EFBC}") = "10.1-Generics", "Generics\10.1-Generics.csproj", "{650B7CA2-7855-47A8-AE74-625550DC3B5D}"
EndProject
Project("{FAE04EC0-301F-11D3-BF4B-00C04F79EFBC}") = "10.2-GenericMethod", "GenericMethod\10.2-GenericMethod.csproj", "{61209EC8-2998-48AB-A262-9202596D0958}"
EndProject
Project("{2150E333-8FDC-42A3-9474-1A3956D46DE8}") = "11-Attribute-Reflection", "11-Attribute-Reflection", "{BC7E868A-1912-479E-9D9A-7BBD8A919C3B}"
EndProject
Project("{FAE04EC0-301F-11D3-BF4B-00C04F79EFBC}") = "11.1-Attributes", "Attributes\11.1-Attributes.csproj", "{DF1B7B3A-DFC1-4ADA-A3D0-9B983CAD31A2}"
EndProject
Project("{FAE04EC0-301F-11D3-BF4B-00C04F79EFBC}") = "11.2-Reflections", "Reflections\11.2-Reflections.csproj", "{0241E8F1-BD87-4293-8B97-B5CA496F2EE0}"
EndProject
Global
	GlobalSection(SolutionConfigurationPlatforms) = preSolution
		Debug|Any CPU = Debug|Any CPU
		Release|Any CPU = Release|Any CPU
	EndGlobalSection
	GlobalSection(ProjectConfigurationPlatforms) = postSolution
		{F13C98AA-C328-4383-B7ED-B348D4A9B7D2}.Debug|Any CPU.ActiveCfg = Debug|Any CPU
		{F13C98AA-C328-4383-B7ED-B348D4A9B7D2}.Debug|Any CPU.Build.0 = Debug|Any CPU
		{F13C98AA-C328-4383-B7ED-B348D4A9B7D2}.Release|Any CPU.ActiveCfg = Release|Any CPU
		{F13C98AA-C328-4383-B7ED-B348D4A9B7D2}.Release|Any CPU.Build.0 = Release|Any CPU
		{025FDA4D-97FD-4719-9F8F-3CC2BD8B01BA}.Debug|Any CPU.ActiveCfg = Debug|Any CPU
		{025FDA4D-97FD-4719-9F8F-3CC2BD8B01BA}.Debug|Any CPU.Build.0 = Debug|Any CPU
		{025FDA4D-97FD-4719-9F8F-3CC2BD8B01BA}.Release|Any CPU.ActiveCfg = Release|Any CPU
		{025FDA4D-97FD-4719-9F8F-3CC2BD8B01BA}.Release|Any CPU.Build.0 = Release|Any CPU
		{54EC775D-7C85-4265-A63B-7329F6D13F4B}.Debug|Any CPU.ActiveCfg = Debug|Any CPU
		{54EC775D-7C85-4265-A63B-7329F6D13F4B}.Debug|Any CPU.Build.0 = Debug|Any CPU
		{54EC775D-7C85-4265-A63B-7329F6D13F4B}.Release|Any CPU.ActiveCfg = Release|Any CPU
		{54EC775D-7C85-4265-A63B-7329F6D13F4B}.Release|Any CPU.Build.0 = Release|Any CPU
		{8E8DC33E-3A80-4725-AD69-30CB970320B0}.Debug|Any CPU.ActiveCfg = Debug|Any CPU
		{8E8DC33E-3A80-4725-AD69-30CB970320B0}.Debug|Any CPU.Build.0 = Debug|Any CPU
		{8E8DC33E-3A80-4725-AD69-30CB970320B0}.Release|Any CPU.ActiveCfg = Release|Any CPU
		{8E8DC33E-3A80-4725-AD69-30CB970320B0}.Release|Any CPU.Build.0 = Release|Any CPU
		{504AAA59-CA8F-4B16-A9D6-9A1B1DA97784}.Debug|Any CPU.ActiveCfg = Debug|Any CPU
		{504AAA59-CA8F-4B16-A9D6-9A1B1DA97784}.Debug|Any CPU.Build.0 = Debug|Any CPU
		{504AAA59-CA8F-4B16-A9D6-9A1B1DA97784}.Release|Any CPU.ActiveCfg = Release|Any CPU
		{504AAA59-CA8F-4B16-A9D6-9A1B1DA97784}.Release|Any CPU.Build.0 = Release|Any CPU
		{270CB1A6-3C09-4DD9-A884-BD85A6BA4331}.Debug|Any CPU.ActiveCfg = Debug|Any CPU
		{270CB1A6-3C09-4DD9-A884-BD85A6BA4331}.Debug|Any CPU.Build.0 = Debug|Any CPU
		{270CB1A6-3C09-4DD9-A884-BD85A6BA4331}.Release|Any CPU.ActiveCfg = Release|Any CPU
		{270CB1A6-3C09-4DD9-A884-BD85A6BA4331}.Release|Any CPU.Build.0 = Release|Any CPU
		{F3FAE8CE-2B6C-4833-B521-7A73451F284F}.Debug|Any CPU.ActiveCfg = Debug|Any CPU
		{F3FAE8CE-2B6C-4833-B521-7A73451F284F}.Debug|Any CPU.Build.0 = Debug|Any CPU
		{F3FAE8CE-2B6C-4833-B521-7A73451F284F}.Release|Any CPU.ActiveCfg = Release|Any CPU
		{F3FAE8CE-2B6C-4833-B521-7A73451F284F}.Release|Any CPU.Build.0 = Release|Any CPU
		{85B7FE6D-42A2-43ED-8B8B-E5B090BA2F38}.Debug|Any CPU.ActiveCfg = Debug|Any CPU
		{85B7FE6D-42A2-43ED-8B8B-E5B090BA2F38}.Debug|Any CPU.Build.0 = Debug|Any CPU
		{85B7FE6D-42A2-43ED-8B8B-E5B090BA2F38}.Release|Any CPU.ActiveCfg = Release|Any CPU
		{85B7FE6D-42A2-43ED-8B8B-E5B090BA2F38}.Release|Any CPU.Build.0 = Release|Any CPU
		{E262DB2C-E268-4BBE-9FA4-8D4BDB1CA543}.Debug|Any CPU.ActiveCfg = Debug|Any CPU
		{E262DB2C-E268-4BBE-9FA4-8D4BDB1CA543}.Debug|Any CPU.Build.0 = Debug|Any CPU
		{E262DB2C-E268-4BBE-9FA4-8D4BDB1CA543}.Release|Any CPU.ActiveCfg = Release|Any CPU
		{E262DB2C-E268-4BBE-9FA4-8D4BDB1CA543}.Release|Any CPU.Build.0 = Release|Any CPU
		{15BBD18F-3AE3-45E6-B5BD-46AE816A5CB8}.Debug|Any CPU.ActiveCfg = Debug|Any CPU
		{15BBD18F-3AE3-45E6-B5BD-46AE816A5CB8}.Debug|Any CPU.Build.0 = Debug|Any CPU
		{15BBD18F-3AE3-45E6-B5BD-46AE816A5CB8}.Release|Any CPU.ActiveCfg = Release|Any CPU
		{15BBD18F-3AE3-45E6-B5BD-46AE816A5CB8}.Release|Any CPU.Build.0 = Release|Any CPU
		{7567F342-53DE-42BF-8D07-46420B25C966}.Debug|Any CPU.ActiveCfg = Debug|Any CPU
		{7567F342-53DE-42BF-8D07-46420B25C966}.Debug|Any CPU.Build.0 = Debug|Any CPU
		{7567F342-53DE-42BF-8D07-46420B25C966}.Release|Any CPU.ActiveCfg = Release|Any CPU
		{7567F342-53DE-42BF-8D07-46420B25C966}.Release|Any CPU.Build.0 = Release|Any CPU
		{856399DB-A060-420A-ADB7-89AC517E675D}.Debug|Any CPU.ActiveCfg = Debug|Any CPU
		{856399DB-A060-420A-ADB7-89AC517E675D}.Debug|Any CPU.Build.0 = Debug|Any CPU
		{856399DB-A060-420A-ADB7-89AC517E675D}.Release|Any CPU.ActiveCfg = Release|Any CPU
		{856399DB-A060-420A-ADB7-89AC517E675D}.Release|Any CPU.Build.0 = Release|Any CPU
		{480BBB10-5B88-4396-BC19-62DD3982961F}.Debug|Any CPU.ActiveCfg = Debug|Any CPU
		{480BBB10-5B88-4396-BC19-62DD3982961F}.Debug|Any CPU.Build.0 = Debug|Any CPU
		{480BBB10-5B88-4396-BC19-62DD3982961F}.Release|Any CPU.ActiveCfg = Release|Any CPU
		{480BBB10-5B88-4396-BC19-62DD3982961F}.Release|Any CPU.Build.0 = Release|Any CPU
		{38CF8E70-A9FE-4DD0-B1B7-B01A9228C56A}.Debug|Any CPU.ActiveCfg = Debug|Any CPU
		{38CF8E70-A9FE-4DD0-B1B7-B01A9228C56A}.Debug|Any CPU.Build.0 = Debug|Any CPU
		{38CF8E70-A9FE-4DD0-B1B7-B01A9228C56A}.Release|Any CPU.ActiveCfg = Release|Any CPU
		{38CF8E70-A9FE-4DD0-B1B7-B01A9228C56A}.Release|Any CPU.Build.0 = Release|Any CPU
		{A717CD8D-A62E-4DBB-8648-BF7284A9AE2B}.Debug|Any CPU.ActiveCfg = Debug|Any CPU
		{A717CD8D-A62E-4DBB-8648-BF7284A9AE2B}.Debug|Any CPU.Build.0 = Debug|Any CPU
		{A717CD8D-A62E-4DBB-8648-BF7284A9AE2B}.Release|Any CPU.ActiveCfg = Release|Any CPU
		{A717CD8D-A62E-4DBB-8648-BF7284A9AE2B}.Release|Any CPU.Build.0 = Release|Any CPU
		{AB9EF2D5-A536-4363-AD69-CE6F4C2797E4}.Debug|Any CPU.ActiveCfg = Debug|Any CPU
		{AB9EF2D5-A536-4363-AD69-CE6F4C2797E4}.Debug|Any CPU.Build.0 = Debug|Any CPU
		{AB9EF2D5-A536-4363-AD69-CE6F4C2797E4}.Release|Any CPU.ActiveCfg = Release|Any CPU
		{AB9EF2D5-A536-4363-AD69-CE6F4C2797E4}.Release|Any CPU.Build.0 = Release|Any CPU
		{6F6C2402-956D-430A-A6F1-A5A4F53BA1EA}.Debug|Any CPU.ActiveCfg = Debug|Any CPU
		{6F6C2402-956D-430A-A6F1-A5A4F53BA1EA}.Debug|Any CPU.Build.0 = Debug|Any CPU
		{6F6C2402-956D-430A-A6F1-A5A4F53BA1EA}.Release|Any CPU.ActiveCfg = Release|Any CPU
		{6F6C2402-956D-430A-A6F1-A5A4F53BA1EA}.Release|Any CPU.Build.0 = Release|Any CPU
		{25A049A0-47B2-499B-A9C6-333135AA01C2}.Debug|Any CPU.ActiveCfg = Debug|Any CPU
		{25A049A0-47B2-499B-A9C6-333135AA01C2}.Debug|Any CPU.Build.0 = Debug|Any CPU
		{25A049A0-47B2-499B-A9C6-333135AA01C2}.Release|Any CPU.ActiveCfg = Release|Any CPU
		{25A049A0-47B2-499B-A9C6-333135AA01C2}.Release|Any CPU.Build.0 = Release|Any CPU
		{06880FED-531F-4D27-901E-6DF381BC9FF6}.Debug|Any CPU.ActiveCfg = Debug|Any CPU
		{06880FED-531F-4D27-901E-6DF381BC9FF6}.Debug|Any CPU.Build.0 = Debug|Any CPU
		{06880FED-531F-4D27-901E-6DF381BC9FF6}.Release|Any CPU.ActiveCfg = Release|Any CPU
		{06880FED-531F-4D27-901E-6DF381BC9FF6}.Release|Any CPU.Build.0 = Release|Any CPU
		{799C55F8-AADB-4F39-87DB-ADDD680A4403}.Debug|Any CPU.ActiveCfg = Debug|Any CPU
		{799C55F8-AADB-4F39-87DB-ADDD680A4403}.Debug|Any CPU.Build.0 = Debug|Any CPU
		{799C55F8-AADB-4F39-87DB-ADDD680A4403}.Release|Any CPU.ActiveCfg = Release|Any CPU
		{799C55F8-AADB-4F39-87DB-ADDD680A4403}.Release|Any CPU.Build.0 = Release|Any CPU
		{1E6F4A6F-98AD-4984-A894-8268A168BE09}.Debug|Any CPU.ActiveCfg = Debug|Any CPU
		{1E6F4A6F-98AD-4984-A894-8268A168BE09}.Debug|Any CPU.Build.0 = Debug|Any CPU
		{1E6F4A6F-98AD-4984-A894-8268A168BE09}.Release|Any CPU.ActiveCfg = Release|Any CPU
		{1E6F4A6F-98AD-4984-A894-8268A168BE09}.Release|Any CPU.Build.0 = Release|Any CPU
		{EC238F61-B4F5-4A94-A105-52A485AD8958}.Debug|Any CPU.ActiveCfg = Debug|Any CPU
		{EC238F61-B4F5-4A94-A105-52A485AD8958}.Debug|Any CPU.Build.0 = Debug|Any CPU
		{EC238F61-B4F5-4A94-A105-52A485AD8958}.Release|Any CPU.ActiveCfg = Release|Any CPU
		{EC238F61-B4F5-4A94-A105-52A485AD8958}.Release|Any CPU.Build.0 = Release|Any CPU
		{38925559-260C-4C1C-9CD9-9CD826E40A68}.Debug|Any CPU.ActiveCfg = Debug|Any CPU
		{38925559-260C-4C1C-9CD9-9CD826E40A68}.Debug|Any CPU.Build.0 = Debug|Any CPU
		{38925559-260C-4C1C-9CD9-9CD826E40A68}.Release|Any CPU.ActiveCfg = Release|Any CPU
		{38925559-260C-4C1C-9CD9-9CD826E40A68}.Release|Any CPU.Build.0 = Release|Any CPU
		{AA82D115-54EF-4B45-9441-37780812F645}.Debug|Any CPU.ActiveCfg = Debug|Any CPU
		{AA82D115-54EF-4B45-9441-37780812F645}.Debug|Any CPU.Build.0 = Debug|Any CPU
		{AA82D115-54EF-4B45-9441-37780812F645}.Release|Any CPU.ActiveCfg = Release|Any CPU
		{AA82D115-54EF-4B45-9441-37780812F645}.Release|Any CPU.Build.0 = Release|Any CPU
		{BE32F6A6-7F2A-4415-B00B-D9671D03E854}.Debug|Any CPU.ActiveCfg = Debug|Any CPU
		{BE32F6A6-7F2A-4415-B00B-D9671D03E854}.Debug|Any CPU.Build.0 = Debug|Any CPU
		{BE32F6A6-7F2A-4415-B00B-D9671D03E854}.Release|Any CPU.ActiveCfg = Release|Any CPU
		{BE32F6A6-7F2A-4415-B00B-D9671D03E854}.Release|Any CPU.Build.0 = Release|Any CPU
		{516872DB-85BE-4CE0-B6E4-B944B161D4B0}.Debug|Any CPU.ActiveCfg = Debug|Any CPU
		{516872DB-85BE-4CE0-B6E4-B944B161D4B0}.Debug|Any CPU.Build.0 = Debug|Any CPU
		{516872DB-85BE-4CE0-B6E4-B944B161D4B0}.Release|Any CPU.ActiveCfg = Release|Any CPU
		{516872DB-85BE-4CE0-B6E4-B944B161D4B0}.Release|Any CPU.Build.0 = Release|Any CPU
		{98A2CBFA-5E79-4BB6-BDB3-D78CFF9A7C11}.Debug|Any CPU.ActiveCfg = Debug|Any CPU
		{98A2CBFA-5E79-4BB6-BDB3-D78CFF9A7C11}.Debug|Any CPU.Build.0 = Debug|Any CPU
		{98A2CBFA-5E79-4BB6-BDB3-D78CFF9A7C11}.Release|Any CPU.ActiveCfg = Release|Any CPU
		{98A2CBFA-5E79-4BB6-BDB3-D78CFF9A7C11}.Release|Any CPU.Build.0 = Release|Any CPU
		{DB47A854-47F8-4D9E-BE25-F5611C860CF0}.Debug|Any CPU.ActiveCfg = Debug|Any CPU
		{DB47A854-47F8-4D9E-BE25-F5611C860CF0}.Debug|Any CPU.Build.0 = Debug|Any CPU
		{DB47A854-47F8-4D9E-BE25-F5611C860CF0}.Release|Any CPU.ActiveCfg = Release|Any CPU
		{DB47A854-47F8-4D9E-BE25-F5611C860CF0}.Release|Any CPU.Build.0 = Release|Any CPU
		{86DAB484-431E-42DB-BD81-AA43114815DE}.Debug|Any CPU.ActiveCfg = Debug|Any CPU
		{86DAB484-431E-42DB-BD81-AA43114815DE}.Debug|Any CPU.Build.0 = Debug|Any CPU
		{86DAB484-431E-42DB-BD81-AA43114815DE}.Release|Any CPU.ActiveCfg = Release|Any CPU
		{86DAB484-431E-42DB-BD81-AA43114815DE}.Release|Any CPU.Build.0 = Release|Any CPU
		{863C3671-C02D-431D-AC57-C8E8150EC315}.Debug|Any CPU.ActiveCfg = Debug|Any CPU
		{863C3671-C02D-431D-AC57-C8E8150EC315}.Debug|Any CPU.Build.0 = Debug|Any CPU
		{863C3671-C02D-431D-AC57-C8E8150EC315}.Release|Any CPU.ActiveCfg = Release|Any CPU
		{863C3671-C02D-431D-AC57-C8E8150EC315}.Release|Any CPU.Build.0 = Release|Any CPU
		{C87DF0CD-4F30-4381-9395-3430AD52966B}.Debug|Any CPU.ActiveCfg = Debug|Any CPU
		{C87DF0CD-4F30-4381-9395-3430AD52966B}.Debug|Any CPU.Build.0 = Debug|Any CPU
		{C87DF0CD-4F30-4381-9395-3430AD52966B}.Release|Any CPU.ActiveCfg = Release|Any CPU
		{C87DF0CD-4F30-4381-9395-3430AD52966B}.Release|Any CPU.Build.0 = Release|Any CPU
		{650B7CA2-7855-47A8-AE74-625550DC3B5D}.Debug|Any CPU.ActiveCfg = Debug|Any CPU
		{650B7CA2-7855-47A8-AE74-625550DC3B5D}.Debug|Any CPU.Build.0 = Debug|Any CPU
		{650B7CA2-7855-47A8-AE74-625550DC3B5D}.Release|Any CPU.ActiveCfg = Release|Any CPU
		{650B7CA2-7855-47A8-AE74-625550DC3B5D}.Release|Any CPU.Build.0 = Release|Any CPU
		{61209EC8-2998-48AB-A262-9202596D0958}.Debug|Any CPU.ActiveCfg = Debug|Any CPU
		{61209EC8-2998-48AB-A262-9202596D0958}.Debug|Any CPU.Build.0 = Debug|Any CPU
		{61209EC8-2998-48AB-A262-9202596D0958}.Release|Any CPU.ActiveCfg = Release|Any CPU
		{61209EC8-2998-48AB-A262-9202596D0958}.Release|Any CPU.Build.0 = Release|Any CPU
		{DF1B7B3A-DFC1-4ADA-A3D0-9B983CAD31A2}.Debug|Any CPU.ActiveCfg = Debug|Any CPU
		{DF1B7B3A-DFC1-4ADA-A3D0-9B983CAD31A2}.Debug|Any CPU.Build.0 = Debug|Any CPU
		{DF1B7B3A-DFC1-4ADA-A3D0-9B983CAD31A2}.Release|Any CPU.ActiveCfg = Release|Any CPU
		{DF1B7B3A-DFC1-4ADA-A3D0-9B983CAD31A2}.Release|Any CPU.Build.0 = Release|Any CPU
		{0241E8F1-BD87-4293-8B97-B5CA496F2EE0}.Debug|Any CPU.ActiveCfg = Debug|Any CPU
		{0241E8F1-BD87-4293-8B97-B5CA496F2EE0}.Debug|Any CPU.Build.0 = Debug|Any CPU
		{0241E8F1-BD87-4293-8B97-B5CA496F2EE0}.Release|Any CPU.ActiveCfg = Release|Any CPU
		{0241E8F1-BD87-4293-8B97-B5CA496F2EE0}.Release|Any CPU.Build.0 = Release|Any CPU
	EndGlobalSection
	GlobalSection(SolutionProperties) = preSolution
		HideSolutionNode = FALSE
	EndGlobalSection
	GlobalSection(NestedProjects) = preSolution
		{025FDA4D-97FD-4719-9F8F-3CC2BD8B01BA} = {2F10EAF8-1A72-4077-8AD0-038C951AFECC}
		{8E8DC33E-3A80-4725-AD69-30CB970320B0} = {2F10EAF8-1A72-4077-8AD0-038C951AFECC}
		{504AAA59-CA8F-4B16-A9D6-9A1B1DA97784} = {A8B9A9FF-397F-4129-90A6-0F13662689FA}
		{270CB1A6-3C09-4DD9-A884-BD85A6BA4331} = {A8B9A9FF-397F-4129-90A6-0F13662689FA}
		{F3FAE8CE-2B6C-4833-B521-7A73451F284F} = {A8B9A9FF-397F-4129-90A6-0F13662689FA}
		{85B7FE6D-42A2-43ED-8B8B-E5B090BA2F38} = {A8B9A9FF-397F-4129-90A6-0F13662689FA}
		{E262DB2C-E268-4BBE-9FA4-8D4BDB1CA543} = {A8B9A9FF-397F-4129-90A6-0F13662689FA}
		{15BBD18F-3AE3-45E6-B5BD-46AE816A5CB8} = {111197DB-D60C-41C0-B731-25D09219B329}
		{7567F342-53DE-42BF-8D07-46420B25C966} = {111197DB-D60C-41C0-B731-25D09219B329}
		{856399DB-A060-420A-ADB7-89AC517E675D} = {111197DB-D60C-41C0-B731-25D09219B329}
		{480BBB10-5B88-4396-BC19-62DD3982961F} = {111197DB-D60C-41C0-B731-25D09219B329}
		{38CF8E70-A9FE-4DD0-B1B7-B01A9228C56A} = {111197DB-D60C-41C0-B731-25D09219B329}
		{A717CD8D-A62E-4DBB-8648-BF7284A9AE2B} = {E5CF136B-DD6D-4B66-96DE-C5020FBEA4B4}
		{AB9EF2D5-A536-4363-AD69-CE6F4C2797E4} = {E5CF136B-DD6D-4B66-96DE-C5020FBEA4B4}
		{6F6C2402-956D-430A-A6F1-A5A4F53BA1EA} = {E5CF136B-DD6D-4B66-96DE-C5020FBEA4B4}
		{25A049A0-47B2-499B-A9C6-333135AA01C2} = {3DA6A96E-5DDA-4304-BC0C-C76BEFEAAB33}
		{06880FED-531F-4D27-901E-6DF381BC9FF6} = {3DA6A96E-5DDA-4304-BC0C-C76BEFEAAB33}
		{799C55F8-AADB-4F39-87DB-ADDD680A4403} = {3DA6A96E-5DDA-4304-BC0C-C76BEFEAAB33}
		{1E6F4A6F-98AD-4984-A894-8268A168BE09} = {3DA6A96E-5DDA-4304-BC0C-C76BEFEAAB33}
		{EC238F61-B4F5-4A94-A105-52A485AD8958} = {3DA6A96E-5DDA-4304-BC0C-C76BEFEAAB33}
		{38925559-260C-4C1C-9CD9-9CD826E40A68} = {3DA6A96E-5DDA-4304-BC0C-C76BEFEAAB33}
		{AA82D115-54EF-4B45-9441-37780812F645} = {3DA6A96E-5DDA-4304-BC0C-C76BEFEAAB33}
		{BE32F6A6-7F2A-4415-B00B-D9671D03E854} = {F8375882-7CCC-4041-95EB-70C0D97BA7E1}
		{516872DB-85BE-4CE0-B6E4-B944B161D4B0} = {F8375882-7CCC-4041-95EB-70C0D97BA7E1}
		{98A2CBFA-5E79-4BB6-BDB3-D78CFF9A7C11} = {F8375882-7CCC-4041-95EB-70C0D97BA7E1}
		{DB47A854-47F8-4D9E-BE25-F5611C860CF0} = {3DA6A96E-5DDA-4304-BC0C-C76BEFEAAB33}
		{86DAB484-431E-42DB-BD81-AA43114815DE} = {3DA6A96E-5DDA-4304-BC0C-C76BEFEAAB33}
		{863C3671-C02D-431D-AC57-C8E8150EC315} = {F7AD1458-BD05-4384-B83B-FAC28BF7BE82}
		{C87DF0CD-4F30-4381-9395-3430AD52966B} = {F7AD1458-BD05-4384-B83B-FAC28BF7BE82}
		{650B7CA2-7855-47A8-AE74-625550DC3B5D} = {91DCFAF3-09B9-483B-A8A5-ABD2F79A472B}
		{61209EC8-2998-48AB-A262-9202596D0958} = {91DCFAF3-09B9-483B-A8A5-ABD2F79A472B}
		{DF1B7B3A-DFC1-4ADA-A3D0-9B983CAD31A2} = {BC7E868A-1912-479E-9D9A-7BBD8A919C3B}
		{0241E8F1-BD87-4293-8B97-B5CA496F2EE0} = {BC7E868A-1912-479E-9D9A-7BBD8A919C3B}
	EndGlobalSection
	GlobalSection(ExtensibilityGlobals) = postSolution
		SolutionGuid = {D7ACB3A7-E30C-4481-88E6-42D6E969E742}
	EndGlobalSection
EndGlobal
