
Microsoft Visual Studio Solution File, Format Version 12.00
# Visual Studio 15
VisualStudioVersion = 15.0.28307.960
MinimumVisualStudioVersion = 10.0.40219.1
Project("{FAE04EC0-301F-11D3-BF4B-00C04F79EFBC}") = "1-DataTypes", "DataTypes\1-DataTypes.csproj", "{F13C98AA-C328-4383-B7ED-B348D4A9B7D2}"
EndProject
Project("{2150E333-8FDC-42A3-9474-1A3956D46DE8}") = "3-Conditions", "3-Conditions", "{2F10EAF8-1A72-4077-8AD0-038C951AFECC}"
EndProject
Project("{FAE04EC0-301F-11D3-BF4B-00C04F79EFBC}") = "3.1-IfElse", "IfElse\3.1-IfElse.csproj", "{025FDA4D-97FD-4719-9F8F-3CC2BD8B01BA}"
EndProject
Project("{FAE04EC0-301F-11D3-BF4B-00C04F79EFBC}") = "2-TypeConversions", "TypeConversions\2-TypeConversions.csproj", "{54EC775D-7C85-4265-A63B-7329F6D13F4B}"
EndProject
Project("{FAE04EC0-301F-11D3-BF4B-00C04F79EFBC}") = "3.2-SwitchCase", "SwitchCase\3.2-SwitchCase.csproj", "{8E8DC33E-3A80-4725-AD69-30CB970320B0}"
EndProject
Project("{2150E333-8FDC-42A3-9474-1A3956D46DE8}") = "4-Arrays-Collections", "4-Arrays-Collections", "{A8B9A9FF-397F-4129-90A6-0F13662689FA}"
EndProject
Project("{FAE04EC0-301F-11D3-BF4B-00C04F79EFBC}") = "4.1-Arrays", "Array\4.1-Arrays.csproj", "{504AAA59-CA8F-4B16-A9D6-9A1B1DA97784}"
EndProject
Project("{FAE04EC0-301F-11D3-BF4B-00C04F79EFBC}") = "4.2-DynamicArrays", "DynamicArrays\4.2-DynamicArrays.csproj", "{270CB1A6-3C09-4DD9-A884-BD85A6BA4331}"
EndProject
Project("{FAE04EC0-301F-11D3-BF4B-00C04F79EFBC}") = "4.3-CollectionList", "CollectionList\4.3-CollectionList.csproj", "{F3FAE8CE-2B6C-4833-B521-7A73451F284F}"
EndProject
Project("{FAE04EC0-301F-11D3-BF4B-00C04F79EFBC}") = "4.4-DictionaryList", "DictionaryList\4.4-DictionaryList.csproj", "{85B7FE6D-42A2-43ED-8B8B-E5B090BA2F38}"
EndProject
Project("{FAE04EC0-301F-11D3-BF4B-00C04F79EFBC}") = "4.5-HashTableList", "HashTableList\4.5-HashTableList.csproj", "{E262DB2C-E268-4BBE-9FA4-8D4BDB1CA543}"
EndProject
Project("{2150E333-8FDC-42A3-9474-1A3956D46DE8}") = "5-Loops", "5-Loops", "{111197DB-D60C-41C0-B731-25D09219B329}"
EndProject
Project("{FAE04EC0-301F-11D3-BF4B-00C04F79EFBC}") = "5.1-ForLoop", "ForLoop\5.1-ForLoop.csproj", "{15BBD18F-3AE3-45E6-B5BD-46AE816A5CB8}"
EndProject
Project("{FAE04EC0-301F-11D3-BF4B-00C04F79EFBC}") = "5.2-WhileLoop", "WhileLoop\5.2-WhileLoop.csproj", "{7567F342-53DE-42BF-8D07-46420B25C966}"
EndProject
Project("{FAE04EC0-301F-11D3-BF4B-00C04F79EFBC}") = "5.3-DoWhileLoop", "DoWhileLoop\5.3-DoWhileLoop.csproj", "{856399DB-A060-420A-ADB7-89AC517E675D}"
EndProject
Project("{FAE04EC0-301F-11D3-BF4B-00C04F79EFBC}") = "5.4-ForeachLoop", "ForeachLoop\5.4-ForeachLoop.csproj", "{480BBB10-5B88-4396-BC19-62DD3982961F}"
EndProject
Project("{FAE04EC0-301F-11D3-BF4B-00C04F79EFBC}") = "5.5-JumpStatements", "JumpStatements\5.5-JumpStatements.csproj", "{38CF8E70-A9FE-4DD0-B1B7-B01A9228C56A}"
EndProject
Project("{2150E333-8FDC-42A3-9474-1A3956D46DE8}") = "6-Methods", "6-Methods", "{E5CF136B-DD6D-4B66-96DE-C5020FBEA4B4}"
EndProject
Project("{FAE04EC0-301F-11D3-BF4B-00C04F79EFBC}") = "6.1-Methods", "Methods\6.1-Methods.csproj", "{A717CD8D-A62E-4DBB-8648-BF7284A9AE2B}"
EndProject
Project("{FAE04EC0-301F-11D3-BF4B-00C04F79EFBC}") = "6.2-Overload", "Overload\6.2-Overload.csproj", "{AB9EF2D5-A536-4363-AD69-CE6F4C2797E4}"
EndProject
Project("{FAE04EC0-301F-11D3-BF4B-00C04F79EFBC}") = "6.3-MethodParameters", "MethodParameters\6.3-MethodParameters.csproj", "{6F6C2402-956D-430A-A6F1-A5A4F53BA1EA}"
EndProject
Global
	GlobalSection(SolutionConfigurationPlatforms) = preSolution
		Debug|Any CPU = Debug|Any CPU
		Release|Any CPU = Release|Any CPU
	EndGlobalSection
	GlobalSection(ProjectConfigurationPlatforms) = postSolution
		{F13C98AA-C328-4383-B7ED-B348D4A9B7D2}.Debug|Any CPU.ActiveCfg = Debug|Any CPU
		{F13C98AA-C328-4383-B7ED-B348D4A9B7D2}.Debug|Any CPU.Build.0 = Debug|Any CPU
		{F13C98AA-C328-4383-B7ED-B348D4A9B7D2}.Release|Any CPU.ActiveCfg = Release|Any CPU
		{F13C98AA-C328-4383-B7ED-B348D4A9B7D2}.Release|Any CPU.Build.0 = Release|Any CPU
		{025FDA4D-97FD-4719-9F8F-3CC2BD8B01BA}.Debug|Any CPU.ActiveCfg = Debug|Any CPU
		{025FDA4D-97FD-4719-9F8F-3CC2BD8B01BA}.Debug|Any CPU.Build.0 = Debug|Any CPU
		{025FDA4D-97FD-4719-9F8F-3CC2BD8B01BA}.Release|Any CPU.ActiveCfg = Release|Any CPU
		{025FDA4D-97FD-4719-9F8F-3CC2BD8B01BA}.Release|Any CPU.Build.0 = Release|Any CPU
		{54EC775D-7C85-4265-A63B-7329F6D13F4B}.Debug|Any CPU.ActiveCfg = Debug|Any CPU
		{54EC775D-7C85-4265-A63B-7329F6D13F4B}.Debug|Any CPU.Build.0 = Debug|Any CPU
		{54EC775D-7C85-4265-A63B-7329F6D13F4B}.Release|Any CPU.ActiveCfg = Release|Any CPU
		{54EC775D-7C85-4265-A63B-7329F6D13F4B}.Release|Any CPU.Build.0 = Release|Any CPU
		{8E8DC33E-3A80-4725-AD69-30CB970320B0}.Debug|Any CPU.ActiveCfg = Debug|Any CPU
		{8E8DC33E-3A80-4725-AD69-30CB970320B0}.Debug|Any CPU.Build.0 = Debug|Any CPU
		{8E8DC33E-3A80-4725-AD69-30CB970320B0}.Release|Any CPU.ActiveCfg = Release|Any CPU
		{8E8DC33E-3A80-4725-AD69-30CB970320B0}.Release|Any CPU.Build.0 = Release|Any CPU
		{504AAA59-CA8F-4B16-A9D6-9A1B1DA97784}.Debug|Any CPU.ActiveCfg = Debug|Any CPU
		{504AAA59-CA8F-4B16-A9D6-9A1B1DA97784}.Debug|Any CPU.Build.0 = Debug|Any CPU
		{504AAA59-CA8F-4B16-A9D6-9A1B1DA97784}.Release|Any CPU.ActiveCfg = Release|Any CPU
		{504AAA59-CA8F-4B16-A9D6-9A1B1DA97784}.Release|Any CPU.Build.0 = Release|Any CPU
		{270CB1A6-3C09-4DD9-A884-BD85A6BA4331}.Debug|Any CPU.ActiveCfg = Debug|Any CPU
		{270CB1A6-3C09-4DD9-A884-BD85A6BA4331}.Debug|Any CPU.Build.0 = Debug|Any CPU
		{270CB1A6-3C09-4DD9-A884-BD85A6BA4331}.Release|Any CPU.ActiveCfg = Release|Any CPU
		{270CB1A6-3C09-4DD9-A884-BD85A6BA4331}.Release|Any CPU.Build.0 = Release|Any CPU
		{F3FAE8CE-2B6C-4833-B521-7A73451F284F}.Debug|Any CPU.ActiveCfg = Debug|Any CPU
		{F3FAE8CE-2B6C-4833-B521-7A73451F284F}.Debug|Any CPU.Build.0 = Debug|Any CPU
		{F3FAE8CE-2B6C-4833-B521-7A73451F284F}.Release|Any CPU.ActiveCfg = Release|Any CPU
		{F3FAE8CE-2B6C-4833-B521-7A73451F284F}.Release|Any CPU.Build.0 = Release|Any CPU
		{85B7FE6D-42A2-43ED-8B8B-E5B090BA2F38}.Debug|Any CPU.ActiveCfg = Debug|Any CPU
		{85B7FE6D-42A2-43ED-8B8B-E5B090BA2F38}.Debug|Any CPU.Build.0 = Debug|Any CPU
		{85B7FE6D-42A2-43ED-8B8B-E5B090BA2F38}.Release|Any CPU.ActiveCfg = Release|Any CPU
		{85B7FE6D-42A2-43ED-8B8B-E5B090BA2F38}.Release|Any CPU.Build.0 = Release|Any CPU
		{E262DB2C-E268-4BBE-9FA4-8D4BDB1CA543}.Debug|Any CPU.ActiveCfg = Debug|Any CPU
		{E262DB2C-E268-4BBE-9FA4-8D4BDB1CA543}.Debug|Any CPU.Build.0 = Debug|Any CPU
		{E262DB2C-E268-4BBE-9FA4-8D4BDB1CA543}.Release|Any CPU.ActiveCfg = Release|Any CPU
		{E262DB2C-E268-4BBE-9FA4-8D4BDB1CA543}.Release|Any CPU.Build.0 = Release|Any CPU
		{15BBD18F-3AE3-45E6-B5BD-46AE816A5CB8}.Debug|Any CPU.ActiveCfg = Debug|Any CPU
		{15BBD18F-3AE3-45E6-B5BD-46AE816A5CB8}.Debug|Any CPU.Build.0 = Debug|Any CPU
		{15BBD18F-3AE3-45E6-B5BD-46AE816A5CB8}.Release|Any CPU.ActiveCfg = Release|Any CPU
		{15BBD18F-3AE3-45E6-B5BD-46AE816A5CB8}.Release|Any CPU.Build.0 = Release|Any CPU
		{7567F342-53DE-42BF-8D07-46420B25C966}.Debug|Any CPU.ActiveCfg = Debug|Any CPU
		{7567F342-53DE-42BF-8D07-46420B25C966}.Debug|Any CPU.Build.0 = Debug|Any CPU
		{7567F342-53DE-42BF-8D07-46420B25C966}.Release|Any CPU.ActiveCfg = Release|Any CPU
		{7567F342-53DE-42BF-8D07-46420B25C966}.Release|Any CPU.Build.0 = Release|Any CPU
		{856399DB-A060-420A-ADB7-89AC517E675D}.Debug|Any CPU.ActiveCfg = Debug|Any CPU
		{856399DB-A060-420A-ADB7-89AC517E675D}.Debug|Any CPU.Build.0 = Debug|Any CPU
		{856399DB-A060-420A-ADB7-89AC517E675D}.Release|Any CPU.ActiveCfg = Release|Any CPU
		{856399DB-A060-420A-ADB7-89AC517E675D}.Release|Any CPU.Build.0 = Release|Any CPU
		{480BBB10-5B88-4396-BC19-62DD3982961F}.Debug|Any CPU.ActiveCfg = Debug|Any CPU
		{480BBB10-5B88-4396-BC19-62DD3982961F}.Debug|Any CPU.Build.0 = Debug|Any CPU
		{480BBB10-5B88-4396-BC19-62DD3982961F}.Release|Any CPU.ActiveCfg = Release|Any CPU
		{480BBB10-5B88-4396-BC19-62DD3982961F}.Release|Any CPU.Build.0 = Release|Any CPU
		{38CF8E70-A9FE-4DD0-B1B7-B01A9228C56A}.Debug|Any CPU.ActiveCfg = Debug|Any CPU
		{38CF8E70-A9FE-4DD0-B1B7-B01A9228C56A}.Debug|Any CPU.Build.0 = Debug|Any CPU
		{38CF8E70-A9FE-4DD0-B1B7-B01A9228C56A}.Release|Any CPU.ActiveCfg = Release|Any CPU
		{38CF8E70-A9FE-4DD0-B1B7-B01A9228C56A}.Release|Any CPU.Build.0 = Release|Any CPU
		{A717CD8D-A62E-4DBB-8648-BF7284A9AE2B}.Debug|Any CPU.ActiveCfg = Debug|Any CPU
		{A717CD8D-A62E-4DBB-8648-BF7284A9AE2B}.Debug|Any CPU.Build.0 = Debug|Any CPU
		{A717CD8D-A62E-4DBB-8648-BF7284A9AE2B}.Release|Any CPU.ActiveCfg = Release|Any CPU
		{A717CD8D-A62E-4DBB-8648-BF7284A9AE2B}.Release|Any CPU.Build.0 = Release|Any CPU
		{AB9EF2D5-A536-4363-AD69-CE6F4C2797E4}.Debug|Any CPU.ActiveCfg = Debug|Any CPU
		{AB9EF2D5-A536-4363-AD69-CE6F4C2797E4}.Debug|Any CPU.Build.0 = Debug|Any CPU
		{AB9EF2D5-A536-4363-AD69-CE6F4C2797E4}.Release|Any CPU.ActiveCfg = Release|Any CPU
		{AB9EF2D5-A536-4363-AD69-CE6F4C2797E4}.Release|Any CPU.Build.0 = Release|Any CPU
		{6F6C2402-956D-430A-A6F1-A5A4F53BA1EA}.Debug|Any CPU.ActiveCfg = Debug|Any CPU
		{6F6C2402-956D-430A-A6F1-A5A4F53BA1EA}.Debug|Any CPU.Build.0 = Debug|Any CPU
		{6F6C2402-956D-430A-A6F1-A5A4F53BA1EA}.Release|Any CPU.ActiveCfg = Release|Any CPU
		{6F6C2402-956D-430A-A6F1-A5A4F53BA1EA}.Release|Any CPU.Build.0 = Release|Any CPU
	EndGlobalSection
	GlobalSection(SolutionProperties) = preSolution
		HideSolutionNode = FALSE
	EndGlobalSection
	GlobalSection(NestedProjects) = preSolution
		{025FDA4D-97FD-4719-9F8F-3CC2BD8B01BA} = {2F10EAF8-1A72-4077-8AD0-038C951AFECC}
		{8E8DC33E-3A80-4725-AD69-30CB970320B0} = {2F10EAF8-1A72-4077-8AD0-038C951AFECC}
		{504AAA59-CA8F-4B16-A9D6-9A1B1DA97784} = {A8B9A9FF-397F-4129-90A6-0F13662689FA}
		{270CB1A6-3C09-4DD9-A884-BD85A6BA4331} = {A8B9A9FF-397F-4129-90A6-0F13662689FA}
		{F3FAE8CE-2B6C-4833-B521-7A73451F284F} = {A8B9A9FF-397F-4129-90A6-0F13662689FA}
		{85B7FE6D-42A2-43ED-8B8B-E5B090BA2F38} = {A8B9A9FF-397F-4129-90A6-0F13662689FA}
		{E262DB2C-E268-4BBE-9FA4-8D4BDB1CA543} = {A8B9A9FF-397F-4129-90A6-0F13662689FA}
		{15BBD18F-3AE3-45E6-B5BD-46AE816A5CB8} = {111197DB-D60C-41C0-B731-25D09219B329}
		{7567F342-53DE-42BF-8D07-46420B25C966} = {111197DB-D60C-41C0-B731-25D09219B329}
		{856399DB-A060-420A-ADB7-89AC517E675D} = {111197DB-D60C-41C0-B731-25D09219B329}
		{480BBB10-5B88-4396-BC19-62DD3982961F} = {111197DB-D60C-41C0-B731-25D09219B329}
		{38CF8E70-A9FE-4DD0-B1B7-B01A9228C56A} = {111197DB-D60C-41C0-B731-25D09219B329}
		{A717CD8D-A62E-4DBB-8648-BF7284A9AE2B} = {E5CF136B-DD6D-4B66-96DE-C5020FBEA4B4}
		{AB9EF2D5-A536-4363-AD69-CE6F4C2797E4} = {E5CF136B-DD6D-4B66-96DE-C5020FBEA4B4}
		{6F6C2402-956D-430A-A6F1-A5A4F53BA1EA} = {E5CF136B-DD6D-4B66-96DE-C5020FBEA4B4}
	EndGlobalSection
	GlobalSection(ExtensibilityGlobals) = postSolution
		SolutionGuid = {D7ACB3A7-E30C-4481-88E6-42D6E969E742}
	EndGlobalSection
EndGlobal
